// !$*UTF8*$!
{
	archiveVersion = 1;
	classes = {
	};
	objectVersion = 56;
	objects = {

/* Begin PBXBuildFile section */
		66DBDF609AA6A85FFBC9BFF9 /* Pods_VideoPlayer.framework in Frameworks */ = {isa = PBXBuildFile; fileRef = 685120F106EC69925842244C /* Pods_VideoPlayer.framework */; };
		F604E53F29E18ACE00153BA7 /* AppDelegate.swift in Sources */ = {isa = PBXBuildFile; fileRef = F604E53E29E18ACE00153BA7 /* AppDelegate.swift */; };
		F604E54529E18EB900153BA7 /* VideoItemView.swift in Sources */ = {isa = PBXBuildFile; fileRef = F604E54429E18EB900153BA7 /* VideoItemView.swift */; };
		F604E54A29E1A91500153BA7 /* PlayerProgressView.swift in Sources */ = {isa = PBXBuildFile; fileRef = F604E54929E1A91500153BA7 /* PlayerProgressView.swift */; };
		F604E54D29E1A95500153BA7 /* PlayerPlayButton.swift in Sources */ = {isa = PBXBuildFile; fileRef = F604E54C29E1A95500153BA7 /* PlayerPlayButton.swift */; };
		F62AB6EA29DD9F6F00994EC5 /* PreviewGenerator.swift in Sources */ = {isa = PBXBuildFile; fileRef = F62AB6E929DD9F6F00994EC5 /* PreviewGenerator.swift */; };
		F62AB6F429DDD91200994EC5 /* PersistentContainer.swift in Sources */ = {isa = PBXBuildFile; fileRef = F62AB6F329DDD91200994EC5 /* PersistentContainer.swift */; };
		F62AB6F629DDD91C00994EC5 /* StorageService.swift in Sources */ = {isa = PBXBuildFile; fileRef = F62AB6F529DDD91C00994EC5 /* StorageService.swift */; };
		F62AB70529DDDDC400994EC5 /* BaseCDM.swift in Sources */ = {isa = PBXBuildFile; fileRef = F62AB70429DDDDC400994EC5 /* BaseCDM.swift */; };
		F62AB70729DE06B100994EC5 /* URL+Documents.swift in Sources */ = {isa = PBXBuildFile; fileRef = F62AB70629DE06B100994EC5 /* URL+Documents.swift */; };
		F6309C7C29DEE14C004D5D1C /* ModelMapper_1.0-1.1.xcmappingmodel in Sources */ = {isa = PBXBuildFile; fileRef = F6309C7B29DEE14C004D5D1C /* ModelMapper_1.0-1.1.xcmappingmodel */; };
		F654C45829DC939200CD7B76 /* Localizable.strings in Resources */ = {isa = PBXBuildFile; fileRef = F654C45A29DC939200CD7B76 /* Localizable.strings */; };
		F654C46929DCA3E500CD7B76 /* VideoList.swift in Sources */ = {isa = PBXBuildFile; fileRef = F654C46829DCA3E500CD7B76 /* VideoList.swift */; };
		F654C46B29DCA7A100CD7B76 /* VideoPicker.swift in Sources */ = {isa = PBXBuildFile; fileRef = F654C46A29DCA7A100CD7B76 /* VideoPicker.swift */; };
		F654C46D29DCAA5600CD7B76 /* MediaImporter.swift in Sources */ = {isa = PBXBuildFile; fileRef = F654C46C29DCAA5600CD7B76 /* MediaImporter.swift */; };
		F654C46F29DCB19800CD7B76 /* MainViewModel.swift in Sources */ = {isa = PBXBuildFile; fileRef = F654C46E29DCB19800CD7B76 /* MainViewModel.swift */; };
		F654C47129DCB49100CD7B76 /* CombineExtensions.swift in Sources */ = {isa = PBXBuildFile; fileRef = F654C47029DCB49100CD7B76 /* CombineExtensions.swift */; };
		F654C47329DCB4F500CD7B76 /* NSObject+AnuCancellable.swift in Sources */ = {isa = PBXBuildFile; fileRef = F654C47229DCB4F500CD7B76 /* NSObject+AnuCancellable.swift */; };
		F654C47629DCCDDC00CD7B76 /* Data+Saving.swift in Sources */ = {isa = PBXBuildFile; fileRef = F654C47529DCCDDC00CD7B76 /* Data+Saving.swift */; };
		F654C47829DCD2AF00CD7B76 /* AVAsset+Tumbnail.swift in Sources */ = {isa = PBXBuildFile; fileRef = F654C47729DCD2AF00CD7B76 /* AVAsset+Tumbnail.swift */; };
		F654C47A29DCD3B300CD7B76 /* VideoModel.swift in Sources */ = {isa = PBXBuildFile; fileRef = F654C47929DCD3B300CD7B76 /* VideoModel.swift */; };
		F672E4AE29E971B100F30D90 /* CampaignService.swift in Sources */ = {isa = PBXBuildFile; fileRef = F672E4AD29E971B100F30D90 /* CampaignService.swift */; };
		F672E4B029E974B500F30D90 /* CampaignViewBuilder.swift in Sources */ = {isa = PBXBuildFile; fileRef = F672E4AF29E974B500F30D90 /* CampaignViewBuilder.swift */; };
		F672E4B229E974F800F30D90 /* AppViewModel.swift in Sources */ = {isa = PBXBuildFile; fileRef = F672E4B129E974F800F30D90 /* AppViewModel.swift */; };
		F672E4B429EA026800F30D90 /* Test.swift in Sources */ = {isa = PBXBuildFile; fileRef = F672E4B329EA026800F30D90 /* Test.swift */; };
		F672E4B729EA086A00F30D90 /* ImageView.swift in Sources */ = {isa = PBXBuildFile; fileRef = F672E4B629EA086A00F30D90 /* ImageView.swift */; };
		F672E4BA29EA0ECB00F30D90 /* VideoPlayerView.swift in Sources */ = {isa = PBXBuildFile; fileRef = F672E4B929EA0ECB00F30D90 /* VideoPlayerView.swift */; };
		F672E4BD29EC1CB600F30D90 /* EditVideoView.swift in Sources */ = {isa = PBXBuildFile; fileRef = F672E4BC29EC1CB600F30D90 /* EditVideoView.swift */; };
		F672E4BF29EC1D7400F30D90 /* EditVideoViewModel.swift in Sources */ = {isa = PBXBuildFile; fileRef = F672E4BE29EC1D7400F30D90 /* EditVideoViewModel.swift */; };
		F672E4C129EC27C900F30D90 /* kp2.jpg in Resources */ = {isa = PBXBuildFile; fileRef = F672E4C029EC27C900F30D90 /* kp2.jpg */; };
		F672E4C329EC545700F30D90 /* EditVideoImagePicker.swift in Sources */ = {isa = PBXBuildFile; fileRef = F672E4C229EC545700F30D90 /* EditVideoImagePicker.swift */; };
		F672E4DF29EC62F300F30D90 /* Logger.swift in Sources */ = {isa = PBXBuildFile; fileRef = F672E4DE29EC62F300F30D90 /* Logger.swift */; };
		F672E4E229EC637500F30D90 /* Event.swift in Sources */ = {isa = PBXBuildFile; fileRef = F672E4E129EC637500F30D90 /* Event.swift */; };
		F672E4E429EC642E00F30D90 /* MediaImporterLoggingProxy.swift in Sources */ = {isa = PBXBuildFile; fileRef = F672E4E329EC642E00F30D90 /* MediaImporterLoggingProxy.swift */; };
		F672E4E629ED2BB200F30D90 /* AppServices.swift in Sources */ = {isa = PBXBuildFile; fileRef = F672E4E529ED2BB200F30D90 /* AppServices.swift */; };
		F672E4E829ED2CE100F30D90 /* MediaImporterDecorator.swift in Sources */ = {isa = PBXBuildFile; fileRef = F672E4E729ED2CE100F30D90 /* MediaImporterDecorator.swift */; };
		F672E4EA29EDADC100F30D90 /* ViewImageFetcher.swift in Sources */ = {isa = PBXBuildFile; fileRef = F672E4E929EDADC100F30D90 /* ViewImageFetcher.swift */; };
		F672E4EC29EDB2E100F30D90 /* ItemImageView.swift in Sources */ = {isa = PBXBuildFile; fileRef = F672E4EB29EDB2E100F30D90 /* ItemImageView.swift */; };
		F6751A7C29EDC1B7003145FC /* ThumbnailCompressorService.swift in Sources */ = {isa = PBXBuildFile; fileRef = F6751A7B29EDC1B7003145FC /* ThumbnailCompressorService.swift */; };
		F6751A7F29EF14DC003145FC /* ImportingChain.swift in Sources */ = {isa = PBXBuildFile; fileRef = F6751A7E29EF14DC003145FC /* ImportingChain.swift */; };
		F678881629E0981500BAF93F /* WatermarkView.swift in Sources */ = {isa = PBXBuildFile; fileRef = F678881529E0981500BAF93F /* WatermarkView.swift */; };
		F69528E329E1AFD7003BCD1A /* PreviewHelper.swift in Sources */ = {isa = PBXBuildFile; fileRef = F69528E229E1AFD7003BCD1A /* PreviewHelper.swift */; };
		F69528E529E1B643003BCD1A /* PlayerControlsViewModel.swift in Sources */ = {isa = PBXBuildFile; fileRef = F69528E429E1B643003BCD1A /* PlayerControlsViewModel.swift */; };
		F69528E829E1B6CD003BCD1A /* PlayerProgressViewModel.swift in Sources */ = {isa = PBXBuildFile; fileRef = F69528E729E1B6CD003BCD1A /* PlayerProgressViewModel.swift */; };
		F69528F329E4488C003BCD1A /* PlayerSeekView.swift in Sources */ = {isa = PBXBuildFile; fileRef = F69528F229E4488C003BCD1A /* PlayerSeekView.swift */; };
		F69528F529E46A6B003BCD1A /* SeekPartView.swift in Sources */ = {isa = PBXBuildFile; fileRef = F69528F429E46A6B003BCD1A /* SeekPartView.swift */; };
		F6B6A19B29E492050054093A /* SwipeToDismiss.swift in Sources */ = {isa = PBXBuildFile; fileRef = F6B6A19A29E492050054093A /* SwipeToDismiss.swift */; };
		F6B6A19D29E575A40054093A /* VideoPlayerEngine.swift in Sources */ = {isa = PBXBuildFile; fileRef = F6B6A19C29E575A40054093A /* VideoPlayerEngine.swift */; };
		F6B6A19F29E587440054093A /* AVPlayer+Publisher.swift in Sources */ = {isa = PBXBuildFile; fileRef = F6B6A19E29E587440054093A /* AVPlayer+Publisher.swift */; };
		F6E829E929DC8C1D00E01247 /* VideoPlayerApp.swift in Sources */ = {isa = PBXBuildFile; fileRef = F6E829E829DC8C1D00E01247 /* VideoPlayerApp.swift */; };
		F6E829EB29DC8C1D00E01247 /* MainView.swift in Sources */ = {isa = PBXBuildFile; fileRef = F6E829EA29DC8C1D00E01247 /* MainView.swift */; };
		F6E829ED29DC8C1D00E01247 /* Assets.xcassets in Resources */ = {isa = PBXBuildFile; fileRef = F6E829EC29DC8C1D00E01247 /* Assets.xcassets */; };
		F6E829F029DC8C1D00E01247 /* Preview Assets.xcassets in Resources */ = {isa = PBXBuildFile; fileRef = F6E829EF29DC8C1D00E01247 /* Preview Assets.xcassets */; };
		F6FED3C529DEF658001926A0 /* VideoCDMMigration.swift in Sources */ = {isa = PBXBuildFile; fileRef = F6FED3C429DEF658001926A0 /* VideoCDMMigration.swift */; };
		F6FED3CA29DF021D001926A0 /* Database.xcdatamodeld in Sources */ = {isa = PBXBuildFile; fileRef = F6FED3C729DF021D001926A0 /* Database.xcdatamodeld */; };
		F6FED3CE29DF0C32001926A0 /* VideoCDM+CoreDataProperties.swift in Sources */ = {isa = PBXBuildFile; fileRef = F6FED3CC29DF0C32001926A0 /* VideoCDM+CoreDataProperties.swift */; };
		F6FED3CF29DF0C32001926A0 /* VideoCDM+CoreDataClass.swift in Sources */ = {isa = PBXBuildFile; fileRef = F6FED3CD29DF0C32001926A0 /* VideoCDM+CoreDataClass.swift */; };
		F6FED3D329DF49BD001926A0 /* VideoView.swift in Sources */ = {isa = PBXBuildFile; fileRef = F6FED3D229DF49BD001926A0 /* VideoView.swift */; };
		F6FED3D529DF4A37001926A0 /* VideoPlayerViewModel.swift in Sources */ = {isa = PBXBuildFile; fileRef = F6FED3D429DF4A37001926A0 /* VideoPlayerViewModel.swift */; };
		F6FED3D729DF4B50001926A0 /* test_video.MOV in Resources */ = {isa = PBXBuildFile; fileRef = F6FED3D629DF4B50001926A0 /* test_video.MOV */; };
		F6FED3D929DF5073001926A0 /* VideoPlayerControlsView.swift in Sources */ = {isa = PBXBuildFile; fileRef = F6FED3D829DF5073001926A0 /* VideoPlayerControlsView.swift */; };
		F6FED3DB29DF51D0001926A0 /* AVPlayerExtensions.swift in Sources */ = {isa = PBXBuildFile; fileRef = F6FED3DA29DF51D0001926A0 /* AVPlayerExtensions.swift */; };
		F6FED3DD29DF52C5001926A0 /* video.MOV in Resources */ = {isa = PBXBuildFile; fileRef = F6FED3DC29DF52C5001926A0 /* video.MOV */; };
		F6FED3E429E03D35001926A0 /* VideoListViewModel.swift in Sources */ = {isa = PBXBuildFile; fileRef = F6FED3E329E03D35001926A0 /* VideoListViewModel.swift */; };
/* End PBXBuildFile section */

/* Begin PBXFileReference section */
		2E1C406C5332924C1599EEB0 /* Pods-VideoPlayer.release.xcconfig */ = {isa = PBXFileReference; includeInIndex = 1; lastKnownFileType = text.xcconfig; name = "Pods-VideoPlayer.release.xcconfig"; path = "Target Support Files/Pods-VideoPlayer/Pods-VideoPlayer.release.xcconfig"; sourceTree = "<group>"; };
		416ED8B2DA74F1AF171C64C0 /* Pods-VideoPlayer.debug.xcconfig */ = {isa = PBXFileReference; includeInIndex = 1; lastKnownFileType = text.xcconfig; name = "Pods-VideoPlayer.debug.xcconfig"; path = "Target Support Files/Pods-VideoPlayer/Pods-VideoPlayer.debug.xcconfig"; sourceTree = "<group>"; };
		685120F106EC69925842244C /* Pods_VideoPlayer.framework */ = {isa = PBXFileReference; explicitFileType = wrapper.framework; includeInIndex = 0; path = Pods_VideoPlayer.framework; sourceTree = BUILT_PRODUCTS_DIR; };
		F604E53E29E18ACE00153BA7 /* AppDelegate.swift */ = {isa = PBXFileReference; lastKnownFileType = sourcecode.swift; path = AppDelegate.swift; sourceTree = "<group>"; };
		F604E54229E18DC300153BA7 /* Database_1.2.xcdatamodel */ = {isa = PBXFileReference; lastKnownFileType = wrapper.xcdatamodel; path = Database_1.2.xcdatamodel; sourceTree = "<group>"; };
		F604E54429E18EB900153BA7 /* VideoItemView.swift */ = {isa = PBXFileReference; lastKnownFileType = sourcecode.swift; path = VideoItemView.swift; sourceTree = "<group>"; };
		F604E54929E1A91500153BA7 /* PlayerProgressView.swift */ = {isa = PBXFileReference; lastKnownFileType = sourcecode.swift; path = PlayerProgressView.swift; sourceTree = "<group>"; };
		F604E54C29E1A95500153BA7 /* PlayerPlayButton.swift */ = {isa = PBXFileReference; lastKnownFileType = sourcecode.swift; path = PlayerPlayButton.swift; sourceTree = "<group>"; };
		F62AB6E929DD9F6F00994EC5 /* PreviewGenerator.swift */ = {isa = PBXFileReference; lastKnownFileType = sourcecode.swift; path = PreviewGenerator.swift; sourceTree = "<group>"; };
		F62AB6F329DDD91200994EC5 /* PersistentContainer.swift */ = {isa = PBXFileReference; lastKnownFileType = sourcecode.swift; path = PersistentContainer.swift; sourceTree = "<group>"; };
		F62AB6F529DDD91C00994EC5 /* StorageService.swift */ = {isa = PBXFileReference; lastKnownFileType = sourcecode.swift; path = StorageService.swift; sourceTree = "<group>"; };
		F62AB70429DDDDC400994EC5 /* BaseCDM.swift */ = {isa = PBXFileReference; lastKnownFileType = sourcecode.swift; path = BaseCDM.swift; sourceTree = "<group>"; };
		F62AB70629DE06B100994EC5 /* URL+Documents.swift */ = {isa = PBXFileReference; lastKnownFileType = sourcecode.swift; path = "URL+Documents.swift"; sourceTree = "<group>"; };
		F6309C7B29DEE14C004D5D1C /* ModelMapper_1.0-1.1.xcmappingmodel */ = {isa = PBXFileReference; lastKnownFileType = wrapper.xcmappingmodel; path = "ModelMapper_1.0-1.1.xcmappingmodel"; sourceTree = "<group>"; };
		F654C45929DC939200CD7B76 /* en */ = {isa = PBXFileReference; lastKnownFileType = text.plist.strings; name = en; path = en.lproj/Localizable.strings; sourceTree = "<group>"; };
		F654C45E29DC939C00CD7B76 /* uk */ = {isa = PBXFileReference; lastKnownFileType = text.plist.strings; name = uk; path = uk.lproj/Localizable.strings; sourceTree = "<group>"; };
		F654C46829DCA3E500CD7B76 /* VideoList.swift */ = {isa = PBXFileReference; lastKnownFileType = sourcecode.swift; path = VideoList.swift; sourceTree = "<group>"; };
		F654C46A29DCA7A100CD7B76 /* VideoPicker.swift */ = {isa = PBXFileReference; lastKnownFileType = sourcecode.swift; path = VideoPicker.swift; sourceTree = "<group>"; };
		F654C46C29DCAA5600CD7B76 /* MediaImporter.swift */ = {isa = PBXFileReference; lastKnownFileType = sourcecode.swift; path = MediaImporter.swift; sourceTree = "<group>"; };
		F654C46E29DCB19800CD7B76 /* MainViewModel.swift */ = {isa = PBXFileReference; lastKnownFileType = sourcecode.swift; path = MainViewModel.swift; sourceTree = "<group>"; };
		F654C47029DCB49100CD7B76 /* CombineExtensions.swift */ = {isa = PBXFileReference; lastKnownFileType = sourcecode.swift; path = CombineExtensions.swift; sourceTree = "<group>"; };
		F654C47229DCB4F500CD7B76 /* NSObject+AnuCancellable.swift */ = {isa = PBXFileReference; lastKnownFileType = sourcecode.swift; path = "NSObject+AnuCancellable.swift"; sourceTree = "<group>"; };
		F654C47529DCCDDC00CD7B76 /* Data+Saving.swift */ = {isa = PBXFileReference; lastKnownFileType = sourcecode.swift; path = "Data+Saving.swift"; sourceTree = "<group>"; };
		F654C47729DCD2AF00CD7B76 /* AVAsset+Tumbnail.swift */ = {isa = PBXFileReference; lastKnownFileType = sourcecode.swift; path = "AVAsset+Tumbnail.swift"; sourceTree = "<group>"; };
		F654C47929DCD3B300CD7B76 /* VideoModel.swift */ = {isa = PBXFileReference; lastKnownFileType = sourcecode.swift; path = VideoModel.swift; sourceTree = "<group>"; };
		F672E4AD29E971B100F30D90 /* CampaignService.swift */ = {isa = PBXFileReference; lastKnownFileType = sourcecode.swift; path = CampaignService.swift; sourceTree = "<group>"; };
		F672E4AF29E974B500F30D90 /* CampaignViewBuilder.swift */ = {isa = PBXFileReference; lastKnownFileType = sourcecode.swift; path = CampaignViewBuilder.swift; sourceTree = "<group>"; };
		F672E4B129E974F800F30D90 /* AppViewModel.swift */ = {isa = PBXFileReference; lastKnownFileType = sourcecode.swift; path = AppViewModel.swift; sourceTree = "<group>"; };
		F672E4B329EA026800F30D90 /* Test.swift */ = {isa = PBXFileReference; lastKnownFileType = sourcecode.swift; path = Test.swift; sourceTree = "<group>"; };
		F672E4B629EA086A00F30D90 /* ImageView.swift */ = {isa = PBXFileReference; lastKnownFileType = sourcecode.swift; path = ImageView.swift; sourceTree = "<group>"; };
		F672E4B929EA0ECB00F30D90 /* VideoPlayerView.swift */ = {isa = PBXFileReference; lastKnownFileType = sourcecode.swift; path = VideoPlayerView.swift; sourceTree = "<group>"; };
		F672E4BC29EC1CB600F30D90 /* EditVideoView.swift */ = {isa = PBXFileReference; lastKnownFileType = sourcecode.swift; path = EditVideoView.swift; sourceTree = "<group>"; };
		F672E4BE29EC1D7400F30D90 /* EditVideoViewModel.swift */ = {isa = PBXFileReference; lastKnownFileType = sourcecode.swift; path = EditVideoViewModel.swift; sourceTree = "<group>"; };
		F672E4C029EC27C900F30D90 /* kp2.jpg */ = {isa = PBXFileReference; lastKnownFileType = image.jpeg; path = kp2.jpg; sourceTree = "<group>"; };
		F672E4C229EC545700F30D90 /* EditVideoImagePicker.swift */ = {isa = PBXFileReference; lastKnownFileType = sourcecode.swift; path = EditVideoImagePicker.swift; sourceTree = "<group>"; };
		F672E4DE29EC62F300F30D90 /* Logger.swift */ = {isa = PBXFileReference; lastKnownFileType = sourcecode.swift; path = Logger.swift; sourceTree = "<group>"; };
		F672E4E129EC637500F30D90 /* Event.swift */ = {isa = PBXFileReference; lastKnownFileType = sourcecode.swift; path = Event.swift; sourceTree = "<group>"; };
		F672E4E329EC642E00F30D90 /* MediaImporterLoggingProxy.swift */ = {isa = PBXFileReference; lastKnownFileType = sourcecode.swift; path = MediaImporterLoggingProxy.swift; sourceTree = "<group>"; };
		F672E4E529ED2BB200F30D90 /* AppServices.swift */ = {isa = PBXFileReference; lastKnownFileType = sourcecode.swift; path = AppServices.swift; sourceTree = "<group>"; };
		F672E4E729ED2CE100F30D90 /* MediaImporterDecorator.swift */ = {isa = PBXFileReference; lastKnownFileType = sourcecode.swift; path = MediaImporterDecorator.swift; sourceTree = "<group>"; };
		F672E4E929EDADC100F30D90 /* ViewImageFetcher.swift */ = {isa = PBXFileReference; lastKnownFileType = sourcecode.swift; path = ViewImageFetcher.swift; sourceTree = "<group>"; };
		F672E4EB29EDB2E100F30D90 /* ItemImageView.swift */ = {isa = PBXFileReference; lastKnownFileType = sourcecode.swift; path = ItemImageView.swift; sourceTree = "<group>"; };
		F6751A7B29EDC1B7003145FC /* ThumbnailCompressorService.swift */ = {isa = PBXFileReference; lastKnownFileType = sourcecode.swift; path = ThumbnailCompressorService.swift; sourceTree = "<group>"; };
		F6751A7E29EF14DC003145FC /* ImportingChain.swift */ = {isa = PBXFileReference; lastKnownFileType = sourcecode.swift; path = ImportingChain.swift; sourceTree = "<group>"; };
		F678881529E0981500BAF93F /* WatermarkView.swift */ = {isa = PBXFileReference; lastKnownFileType = sourcecode.swift; path = WatermarkView.swift; sourceTree = "<group>"; };
		F69528E229E1AFD7003BCD1A /* PreviewHelper.swift */ = {isa = PBXFileReference; lastKnownFileType = sourcecode.swift; path = PreviewHelper.swift; sourceTree = "<group>"; };
		F69528E429E1B643003BCD1A /* PlayerControlsViewModel.swift */ = {isa = PBXFileReference; lastKnownFileType = sourcecode.swift; path = PlayerControlsViewModel.swift; sourceTree = "<group>"; };
		F69528E729E1B6CD003BCD1A /* PlayerProgressViewModel.swift */ = {isa = PBXFileReference; lastKnownFileType = sourcecode.swift; path = PlayerProgressViewModel.swift; sourceTree = "<group>"; };
		F69528F229E4488C003BCD1A /* PlayerSeekView.swift */ = {isa = PBXFileReference; lastKnownFileType = sourcecode.swift; path = PlayerSeekView.swift; sourceTree = "<group>"; };
		F69528F429E46A6B003BCD1A /* SeekPartView.swift */ = {isa = PBXFileReference; lastKnownFileType = sourcecode.swift; path = SeekPartView.swift; sourceTree = "<group>"; };
		F6B6A19A29E492050054093A /* SwipeToDismiss.swift */ = {isa = PBXFileReference; lastKnownFileType = sourcecode.swift; path = SwipeToDismiss.swift; sourceTree = "<group>"; };
		F6B6A19C29E575A40054093A /* VideoPlayerEngine.swift */ = {isa = PBXFileReference; lastKnownFileType = sourcecode.swift; path = VideoPlayerEngine.swift; sourceTree = "<group>"; };
		F6B6A19E29E587440054093A /* AVPlayer+Publisher.swift */ = {isa = PBXFileReference; lastKnownFileType = sourcecode.swift; path = "AVPlayer+Publisher.swift"; sourceTree = "<group>"; };
		F6E829E529DC8C1D00E01247 /* VideoPlayer.app */ = {isa = PBXFileReference; explicitFileType = wrapper.application; includeInIndex = 0; path = VideoPlayer.app; sourceTree = BUILT_PRODUCTS_DIR; };
		F6E829E829DC8C1D00E01247 /* VideoPlayerApp.swift */ = {isa = PBXFileReference; lastKnownFileType = sourcecode.swift; path = VideoPlayerApp.swift; sourceTree = "<group>"; };
		F6E829EA29DC8C1D00E01247 /* MainView.swift */ = {isa = PBXFileReference; lastKnownFileType = sourcecode.swift; path = MainView.swift; sourceTree = "<group>"; };
		F6E829EC29DC8C1D00E01247 /* Assets.xcassets */ = {isa = PBXFileReference; lastKnownFileType = folder.assetcatalog; path = Assets.xcassets; sourceTree = "<group>"; };
		F6E829EF29DC8C1D00E01247 /* Preview Assets.xcassets */ = {isa = PBXFileReference; lastKnownFileType = folder.assetcatalog; path = "Preview Assets.xcassets"; sourceTree = "<group>"; };
		F6FED3C429DEF658001926A0 /* VideoCDMMigration.swift */ = {isa = PBXFileReference; lastKnownFileType = sourcecode.swift; path = VideoCDMMigration.swift; sourceTree = "<group>"; };
		F6FED3C829DF021D001926A0 /* Database.xcdatamodel */ = {isa = PBXFileReference; lastKnownFileType = wrapper.xcdatamodel; path = Database.xcdatamodel; sourceTree = "<group>"; };
		F6FED3C929DF021D001926A0 /* Database_1.1.xcdatamodel */ = {isa = PBXFileReference; lastKnownFileType = wrapper.xcdatamodel; path = Database_1.1.xcdatamodel; sourceTree = "<group>"; };
		F6FED3CC29DF0C32001926A0 /* VideoCDM+CoreDataProperties.swift */ = {isa = PBXFileReference; fileEncoding = 4; lastKnownFileType = sourcecode.swift; path = "VideoCDM+CoreDataProperties.swift"; sourceTree = "<group>"; };
		F6FED3CD29DF0C32001926A0 /* VideoCDM+CoreDataClass.swift */ = {isa = PBXFileReference; fileEncoding = 4; lastKnownFileType = sourcecode.swift; path = "VideoCDM+CoreDataClass.swift"; sourceTree = "<group>"; };
		F6FED3D229DF49BD001926A0 /* VideoView.swift */ = {isa = PBXFileReference; lastKnownFileType = sourcecode.swift; path = VideoView.swift; sourceTree = "<group>"; };
		F6FED3D429DF4A37001926A0 /* VideoPlayerViewModel.swift */ = {isa = PBXFileReference; lastKnownFileType = sourcecode.swift; path = VideoPlayerViewModel.swift; sourceTree = "<group>"; };
		F6FED3D629DF4B50001926A0 /* test_video.MOV */ = {isa = PBXFileReference; lastKnownFileType = video.quicktime; path = test_video.MOV; sourceTree = "<group>"; };
		F6FED3D829DF5073001926A0 /* VideoPlayerControlsView.swift */ = {isa = PBXFileReference; lastKnownFileType = sourcecode.swift; path = VideoPlayerControlsView.swift; sourceTree = "<group>"; };
		F6FED3DA29DF51D0001926A0 /* AVPlayerExtensions.swift */ = {isa = PBXFileReference; lastKnownFileType = sourcecode.swift; path = AVPlayerExtensions.swift; sourceTree = "<group>"; };
		F6FED3DC29DF52C5001926A0 /* video.MOV */ = {isa = PBXFileReference; lastKnownFileType = video.quicktime; path = video.MOV; sourceTree = "<group>"; };
		F6FED3E329E03D35001926A0 /* VideoListViewModel.swift */ = {isa = PBXFileReference; lastKnownFileType = sourcecode.swift; path = VideoListViewModel.swift; sourceTree = "<group>"; };
/* End PBXFileReference section */

/* Begin PBXFrameworksBuildPhase section */
		F6E829E229DC8C1D00E01247 /* Frameworks */ = {
			isa = PBXFrameworksBuildPhase;
			buildActionMask = 2147483647;
			files = (
				66DBDF609AA6A85FFBC9BFF9 /* Pods_VideoPlayer.framework in Frameworks */,
			);
			runOnlyForDeploymentPostprocessing = 0;
		};
/* End PBXFrameworksBuildPhase section */

/* Begin PBXGroup section */
		895C5E8853EB58DCD5092CCE /* Pods */ = {
			isa = PBXGroup;
			children = (
				416ED8B2DA74F1AF171C64C0 /* Pods-VideoPlayer.debug.xcconfig */,
				2E1C406C5332924C1599EEB0 /* Pods-VideoPlayer.release.xcconfig */,
			);
			path = Pods;
			sourceTree = "<group>";
		};
		F204BFE0FAD42E5FF2C6D899 /* Frameworks */ = {
			isa = PBXGroup;
			children = (
				685120F106EC69925842244C /* Pods_VideoPlayer.framework */,
			);
			name = Frameworks;
			sourceTree = "<group>";
		};
		F604E54029E18B3100153BA7 /* App */ = {
			isa = PBXGroup;
			children = (
				F6E829E829DC8C1D00E01247 /* VideoPlayerApp.swift */,
				F672E4B129E974F800F30D90 /* AppViewModel.swift */,
				F604E53E29E18ACE00153BA7 /* AppDelegate.swift */,
			);
			path = App;
			sourceTree = "<group>";
		};
		F604E54E29E1A98C00153BA7 /* Player Controls */ = {
			isa = PBXGroup;
			children = (
				F6FED3D829DF5073001926A0 /* VideoPlayerControlsView.swift */,
				F69528E429E1B643003BCD1A /* PlayerControlsViewModel.swift */,
				F69528EF29E1CB4D003BCD1A /* Controls */,
			);
			path = "Player Controls";
			sourceTree = "<group>";
		};
		F62AB6E829DD9F4400994EC5 /* Helpers */ = {
			isa = PBXGroup;
			children = (
				F654C47429DCBC6900CD7B76 /* Extensions */,
				F6751A7D29EF147A003145FC /* MediaProcessing */,
				F672E4E529ED2BB200F30D90 /* AppServices.swift */,
				F672E4E929EDADC100F30D90 /* ViewImageFetcher.swift */,
				F69528E229E1AFD7003BCD1A /* PreviewHelper.swift */,
				F672E4AD29E971B100F30D90 /* CampaignService.swift */,
				F672E4AF29E974B500F30D90 /* CampaignViewBuilder.swift */,
			);
			path = Helpers;
			sourceTree = "<group>";
		};
		F62AB6EB29DDA9BC00994EC5 /* Views */ = {
			isa = PBXGroup;
			children = (
				F6B6A19929E491E20054093A /* Modifiers */,
				F654C46A29DCA7A100CD7B76 /* VideoPicker.swift */,
				F678881529E0981500BAF93F /* WatermarkView.swift */,
			);
			path = Views;
			sourceTree = "<group>";
		};
		F62AB6EE29DDA9DF00994EC5 /* Main Screen */ = {
			isa = PBXGroup;
			children = (
				F6E829EA29DC8C1D00E01247 /* MainView.swift */,
				F654C46E29DCB19800CD7B76 /* MainViewModel.swift */,
				F6FED3E229E03D24001926A0 /* VideoList */,
			);
			path = "Main Screen";
			sourceTree = "<group>";
		};
		F62AB6EF29DDAA6F00994EC5 /* Dabatase */ = {
			isa = PBXGroup;
			children = (
				F62AB6F329DDD91200994EC5 /* PersistentContainer.swift */,
				F6FED3C729DF021D001926A0 /* Database.xcdatamodeld */,
				F62AB70329DDDDB800994EC5 /* Models */,
				F6FED3C629DF005D001926A0 /* Migration */,
			);
			path = Dabatase;
			sourceTree = "<group>";
		};
		F62AB70329DDDDB800994EC5 /* Models */ = {
			isa = PBXGroup;
			children = (
				F6FED3CD29DF0C32001926A0 /* VideoCDM+CoreDataClass.swift */,
				F6FED3CC29DF0C32001926A0 /* VideoCDM+CoreDataProperties.swift */,
				F62AB70429DDDDC400994EC5 /* BaseCDM.swift */,
			);
			path = Models;
			sourceTree = "<group>";
		};
		F654C45329DC933700CD7B76 /* Resources */ = {
			isa = PBXGroup;
			children = (
				F672E4C029EC27C900F30D90 /* kp2.jpg */,
				F6FED3D629DF4B50001926A0 /* test_video.MOV */,
				F6FED3DC29DF52C5001926A0 /* video.MOV */,
				F6E829EC29DC8C1D00E01247 /* Assets.xcassets */,
				F654C45A29DC939200CD7B76 /* Localizable.strings */,
			);
			path = Resources;
			sourceTree = "<group>";
		};
		F654C47429DCBC6900CD7B76 /* Extensions */ = {
			isa = PBXGroup;
			children = (
				F654C47029DCB49100CD7B76 /* CombineExtensions.swift */,
				F6B6A19E29E587440054093A /* AVPlayer+Publisher.swift */,
				F62AB70629DE06B100994EC5 /* URL+Documents.swift */,
				F654C47729DCD2AF00CD7B76 /* AVAsset+Tumbnail.swift */,
				F654C47229DCB4F500CD7B76 /* NSObject+AnuCancellable.swift */,
				F6FED3DA29DF51D0001926A0 /* AVPlayerExtensions.swift */,
				F654C47529DCCDDC00CD7B76 /* Data+Saving.swift */,
			);
			path = Extensions;
			sourceTree = "<group>";
		};
		F654C47B29DCD3B500CD7B76 /* Models */ = {
			isa = PBXGroup;
			children = (
				F654C47929DCD3B300CD7B76 /* VideoModel.swift */,
				F6B6A19C29E575A40054093A /* VideoPlayerEngine.swift */,
			);
			path = Models;
			sourceTree = "<group>";
		};
		F672E4B529EA049A00F30D90 /* Test Views */ = {
			isa = PBXGroup;
			children = (
				F672E4B329EA026800F30D90 /* Test.swift */,
			);
			path = "Test Views";
			sourceTree = "<group>";
		};
		F672E4B829EA095200F30D90 /* Item */ = {
			isa = PBXGroup;
			children = (
				F604E54429E18EB900153BA7 /* VideoItemView.swift */,
				F672E4B629EA086A00F30D90 /* ImageView.swift */,
				F672E4EB29EDB2E100F30D90 /* ItemImageView.swift */,
			);
			path = Item;
			sourceTree = "<group>";
		};
		F672E4BB29EC1C9B00F30D90 /* EditVideo */ = {
			isa = PBXGroup;
			children = (
				F672E4BC29EC1CB600F30D90 /* EditVideoView.swift */,
				F672E4C229EC545700F30D90 /* EditVideoImagePicker.swift */,
				F672E4BE29EC1D7400F30D90 /* EditVideoViewModel.swift */,
			);
			path = EditVideo;
			sourceTree = "<group>";
		};
		F672E4E029EC636400F30D90 /* Logger */ = {
			isa = PBXGroup;
			children = (
				F672E4DE29EC62F300F30D90 /* Logger.swift */,
				F672E4E129EC637500F30D90 /* Event.swift */,
				F672E4E329EC642E00F30D90 /* MediaImporterLoggingProxy.swift */,
			);
			path = Logger;
			sourceTree = "<group>";
		};
		F6751A7D29EF147A003145FC /* MediaProcessing */ = {
			isa = PBXGroup;
			children = (
				F654C46C29DCAA5600CD7B76 /* MediaImporter.swift */,
				F672E4E729ED2CE100F30D90 /* MediaImporterDecorator.swift */,
				F6751A7E29EF14DC003145FC /* ImportingChain.swift */,
				F6751A7B29EDC1B7003145FC /* ThumbnailCompressorService.swift */,
				F62AB6E929DD9F6F00994EC5 /* PreviewGenerator.swift */,
			);
			path = MediaProcessing;
			sourceTree = "<group>";
		};
		F69528EE29E1CB29003BCD1A /* ProgressView */ = {
			isa = PBXGroup;
			children = (
				F604E54929E1A91500153BA7 /* PlayerProgressView.swift */,
				F69528E729E1B6CD003BCD1A /* PlayerProgressViewModel.swift */,
			);
			path = ProgressView;
			sourceTree = "<group>";
		};
		F69528EF29E1CB4D003BCD1A /* Controls */ = {
			isa = PBXGroup;
			children = (
				F604E54C29E1A95500153BA7 /* PlayerPlayButton.swift */,
				F69528F629E46B01003BCD1A /* SeekView */,
				F69528EE29E1CB29003BCD1A /* ProgressView */,
			);
			path = Controls;
			sourceTree = "<group>";
		};
		F69528F629E46B01003BCD1A /* SeekView */ = {
			isa = PBXGroup;
			children = (
				F69528F229E4488C003BCD1A /* PlayerSeekView.swift */,
				F69528F429E46A6B003BCD1A /* SeekPartView.swift */,
			);
			path = SeekView;
			sourceTree = "<group>";
		};
		F6B6A19929E491E20054093A /* Modifiers */ = {
			isa = PBXGroup;
			children = (
				F6B6A19A29E492050054093A /* SwipeToDismiss.swift */,
			);
			path = Modifiers;
			sourceTree = "<group>";
		};
		F6E829DC29DC8C1D00E01247 = {
			isa = PBXGroup;
			children = (
				F6E829E729DC8C1D00E01247 /* VideoPlayer */,
				F6E829E629DC8C1D00E01247 /* Products */,
				895C5E8853EB58DCD5092CCE /* Pods */,
				F204BFE0FAD42E5FF2C6D899 /* Frameworks */,
			);
			sourceTree = "<group>";
		};
		F6E829E629DC8C1D00E01247 /* Products */ = {
			isa = PBXGroup;
			children = (
				F6E829E529DC8C1D00E01247 /* VideoPlayer.app */,
			);
			name = Products;
			sourceTree = "<group>";
		};
		F6E829E729DC8C1D00E01247 /* VideoPlayer */ = {
			isa = PBXGroup;
			children = (
				F672E4B529EA049A00F30D90 /* Test Views */,
				F604E54029E18B3100153BA7 /* App */,
				F6FED3D129DF4974001926A0 /* Modules */,
				F62AB6EB29DDA9BC00994EC5 /* Views */,
				F654C47B29DCD3B500CD7B76 /* Models */,
				F6FED3CB29DF0B83001926A0 /* Storage */,
				F672E4E029EC636400F30D90 /* Logger */,
				F62AB6E829DD9F4400994EC5 /* Helpers */,
				F654C45329DC933700CD7B76 /* Resources */,
				F6E829EE29DC8C1D00E01247 /* Preview Content */,
			);
			path = VideoPlayer;
			sourceTree = "<group>";
		};
		F6E829EE29DC8C1D00E01247 /* Preview Content */ = {
			isa = PBXGroup;
			children = (
				F6E829EF29DC8C1D00E01247 /* Preview Assets.xcassets */,
			);
			path = "Preview Content";
			sourceTree = "<group>";
		};
		F6FED3C629DF005D001926A0 /* Migration */ = {
			isa = PBXGroup;
			children = (
				F6FED3C429DEF658001926A0 /* VideoCDMMigration.swift */,
				F6309C7B29DEE14C004D5D1C /* ModelMapper_1.0-1.1.xcmappingmodel */,
			);
			path = Migration;
			sourceTree = "<group>";
		};
		F6FED3CB29DF0B83001926A0 /* Storage */ = {
			isa = PBXGroup;
			children = (
				F62AB6F529DDD91C00994EC5 /* StorageService.swift */,
				F62AB6EF29DDAA6F00994EC5 /* Dabatase */,
			);
			path = Storage;
			sourceTree = "<group>";
		};
		F6FED3D029DF4961001926A0 /* Video */ = {
			isa = PBXGroup;
			children = (
				F6FED3D229DF49BD001926A0 /* VideoView.swift */,
				F672E4B929EA0ECB00F30D90 /* VideoPlayerView.swift */,
				F6FED3D429DF4A37001926A0 /* VideoPlayerViewModel.swift */,
				F604E54E29E1A98C00153BA7 /* Player Controls */,
			);
			path = Video;
			sourceTree = "<group>";
		};
		F6FED3D129DF4974001926A0 /* Modules */ = {
			isa = PBXGroup;
			children = (
				F62AB6EE29DDA9DF00994EC5 /* Main Screen */,
				F6FED3D029DF4961001926A0 /* Video */,
				F672E4BB29EC1C9B00F30D90 /* EditVideo */,
			);
			path = Modules;
			sourceTree = "<group>";
		};
		F6FED3E229E03D24001926A0 /* VideoList */ = {
			isa = PBXGroup;
			children = (
				F654C46829DCA3E500CD7B76 /* VideoList.swift */,
				F6FED3E329E03D35001926A0 /* VideoListViewModel.swift */,
				F672E4B829EA095200F30D90 /* Item */,
			);
			path = VideoList;
			sourceTree = "<group>";
		};
/* End PBXGroup section */

/* Begin PBXNativeTarget section */
		F6E829E429DC8C1D00E01247 /* VideoPlayer */ = {
			isa = PBXNativeTarget;
			buildConfigurationList = F6E829F329DC8C1D00E01247 /* Build configuration list for PBXNativeTarget "VideoPlayer" */;
			buildPhases = (
				4006907C0E0C2A5ED895B373 /* [CP] Check Pods Manifest.lock */,
				F6E829E129DC8C1D00E01247 /* Sources */,
				F6E829E229DC8C1D00E01247 /* Frameworks */,
				F6E829E329DC8C1D00E01247 /* Resources */,
			);
			buildRules = (
			);
			dependencies = (
			);
			name = VideoPlayer;
			packageProductDependencies = (
			);
			productName = VideoPlayer;
			productReference = F6E829E529DC8C1D00E01247 /* VideoPlayer.app */;
			productType = "com.apple.product-type.application";
		};
/* End PBXNativeTarget section */

/* Begin PBXProject section */
		F6E829DD29DC8C1D00E01247 /* Project object */ = {
			isa = PBXProject;
			attributes = {
				BuildIndependentTargetsInParallel = 1;
				LastSwiftUpdateCheck = 1430;
				LastUpgradeCheck = 1430;
				TargetAttributes = {
					F6E829E429DC8C1D00E01247 = {
						CreatedOnToolsVersion = 14.3;
					};
				};
			};
			buildConfigurationList = F6E829E029DC8C1D00E01247 /* Build configuration list for PBXProject "VideoPlayer" */;
			compatibilityVersion = "Xcode 14.0";
			developmentRegion = en;
			hasScannedForEncodings = 0;
			knownRegions = (
				en,
				Base,
				uk,
			);
			mainGroup = F6E829DC29DC8C1D00E01247;
			packageReferences = (
			);
			productRefGroup = F6E829E629DC8C1D00E01247 /* Products */;
			projectDirPath = "";
			projectRoot = "";
			targets = (
				F6E829E429DC8C1D00E01247 /* VideoPlayer */,
			);
		};
/* End PBXProject section */

/* Begin PBXResourcesBuildPhase section */
		F6E829E329DC8C1D00E01247 /* Resources */ = {
			isa = PBXResourcesBuildPhase;
			buildActionMask = 2147483647;
			files = (
				F6E829F029DC8C1D00E01247 /* Preview Assets.xcassets in Resources */,
				F6FED3DD29DF52C5001926A0 /* video.MOV in Resources */,
				F672E4C129EC27C900F30D90 /* kp2.jpg in Resources */,
				F6FED3D729DF4B50001926A0 /* test_video.MOV in Resources */,
				F654C45829DC939200CD7B76 /* Localizable.strings in Resources */,
				F6E829ED29DC8C1D00E01247 /* Assets.xcassets in Resources */,
			);
			runOnlyForDeploymentPostprocessing = 0;
		};
/* End PBXResourcesBuildPhase section */

/* Begin PBXShellScriptBuildPhase section */
		4006907C0E0C2A5ED895B373 /* [CP] Check Pods Manifest.lock */ = {
			isa = PBXShellScriptBuildPhase;
			buildActionMask = 2147483647;
			files = (
			);
			inputFileListPaths = (
			);
			inputPaths = (
				"${PODS_PODFILE_DIR_PATH}/Podfile.lock",
				"${PODS_ROOT}/Manifest.lock",
			);
			name = "[CP] Check Pods Manifest.lock";
			outputFileListPaths = (
			);
			outputPaths = (
				"$(DERIVED_FILE_DIR)/Pods-VideoPlayer-checkManifestLockResult.txt",
			);
			runOnlyForDeploymentPostprocessing = 0;
			shellPath = /bin/sh;
			shellScript = "diff \"${PODS_PODFILE_DIR_PATH}/Podfile.lock\" \"${PODS_ROOT}/Manifest.lock\" > /dev/null\nif [ $? != 0 ] ; then\n    # print error to STDERR\n    echo \"error: The sandbox is not in sync with the Podfile.lock. Run 'pod install' or update your CocoaPods installation.\" >&2\n    exit 1\nfi\n# This output is used by Xcode 'outputs' to avoid re-running this script phase.\necho \"SUCCESS\" > \"${SCRIPT_OUTPUT_FILE_0}\"\n";
			showEnvVarsInLog = 0;
		};
/* End PBXShellScriptBuildPhase section */

/* Begin PBXSourcesBuildPhase section */
		F6E829E129DC8C1D00E01247 /* Sources */ = {
			isa = PBXSourcesBuildPhase;
			buildActionMask = 2147483647;
			files = (
				F654C46929DCA3E500CD7B76 /* VideoList.swift in Sources */,
				F654C46D29DCAA5600CD7B76 /* MediaImporter.swift in Sources */,
				F672E4B229E974F800F30D90 /* AppViewModel.swift in Sources */,
				F672E4C329EC545700F30D90 /* EditVideoImagePicker.swift in Sources */,
				F654C46B29DCA7A100CD7B76 /* VideoPicker.swift in Sources */,
				F672E4E429EC642E00F30D90 /* MediaImporterLoggingProxy.swift in Sources */,
				F6FED3D329DF49BD001926A0 /* VideoView.swift in Sources */,
				F672E4EC29EDB2E100F30D90 /* ItemImageView.swift in Sources */,
				F672E4BF29EC1D7400F30D90 /* EditVideoViewModel.swift in Sources */,
				F69528E329E1AFD7003BCD1A /* PreviewHelper.swift in Sources */,
				F69528E529E1B643003BCD1A /* PlayerControlsViewModel.swift in Sources */,
				F604E54A29E1A91500153BA7 /* PlayerProgressView.swift in Sources */,
				F604E53F29E18ACE00153BA7 /* AppDelegate.swift in Sources */,
				F69528E829E1B6CD003BCD1A /* PlayerProgressViewModel.swift in Sources */,
				F672E4AE29E971B100F30D90 /* CampaignService.swift in Sources */,
				F672E4B029E974B500F30D90 /* CampaignViewBuilder.swift in Sources */,
				F678881629E0981500BAF93F /* WatermarkView.swift in Sources */,
				F672E4E829ED2CE100F30D90 /* MediaImporterDecorator.swift in Sources */,
				F654C47629DCCDDC00CD7B76 /* Data+Saving.swift in Sources */,
				F672E4BA29EA0ECB00F30D90 /* VideoPlayerView.swift in Sources */,
				F62AB6F429DDD91200994EC5 /* PersistentContainer.swift in Sources */,
				F6E829EB29DC8C1D00E01247 /* MainView.swift in Sources */,
				F6FED3CE29DF0C32001926A0 /* VideoCDM+CoreDataProperties.swift in Sources */,
				F6FED3CA29DF021D001926A0 /* Database.xcdatamodeld in Sources */,
				F654C47129DCB49100CD7B76 /* CombineExtensions.swift in Sources */,
				F62AB6EA29DD9F6F00994EC5 /* PreviewGenerator.swift in Sources */,
				F654C47329DCB4F500CD7B76 /* NSObject+AnuCancellable.swift in Sources */,
				F672E4E629ED2BB200F30D90 /* AppServices.swift in Sources */,
				F672E4E229EC637500F30D90 /* Event.swift in Sources */,
				F6B6A19B29E492050054093A /* SwipeToDismiss.swift in Sources */,
				F672E4DF29EC62F300F30D90 /* Logger.swift in Sources */,
				F604E54529E18EB900153BA7 /* VideoItemView.swift in Sources */,
				F6B6A19D29E575A40054093A /* VideoPlayerEngine.swift in Sources */,
				F6FED3CF29DF0C32001926A0 /* VideoCDM+CoreDataClass.swift in Sources */,
				F6B6A19F29E587440054093A /* AVPlayer+Publisher.swift in Sources */,
				F654C47829DCD2AF00CD7B76 /* AVAsset+Tumbnail.swift in Sources */,
				F672E4B729EA086A00F30D90 /* ImageView.swift in Sources */,
				F62AB70529DDDDC400994EC5 /* BaseCDM.swift in Sources */,
				F62AB6F629DDD91C00994EC5 /* StorageService.swift in Sources */,
				F69528F529E46A6B003BCD1A /* SeekPartView.swift in Sources */,
				F672E4B429EA026800F30D90 /* Test.swift in Sources */,
				F6FED3D529DF4A37001926A0 /* VideoPlayerViewModel.swift in Sources */,
				F6FED3DB29DF51D0001926A0 /* AVPlayerExtensions.swift in Sources */,
				F69528F329E4488C003BCD1A /* PlayerSeekView.swift in Sources */,
				F6309C7C29DEE14C004D5D1C /* ModelMapper_1.0-1.1.xcmappingmodel in Sources */,
				F6E829E929DC8C1D00E01247 /* VideoPlayerApp.swift in Sources */,
				F6751A7F29EF14DC003145FC /* ImportingChain.swift in Sources */,
				F6FED3E429E03D35001926A0 /* VideoListViewModel.swift in Sources */,
				F6FED3D929DF5073001926A0 /* VideoPlayerControlsView.swift in Sources */,
				F672E4BD29EC1CB600F30D90 /* EditVideoView.swift in Sources */,
				F672E4EA29EDADC100F30D90 /* ViewImageFetcher.swift in Sources */,
				F6751A7C29EDC1B7003145FC /* ThumbnailCompressorService.swift in Sources */,
				F654C46F29DCB19800CD7B76 /* MainViewModel.swift in Sources */,
				F654C47A29DCD3B300CD7B76 /* VideoModel.swift in Sources */,
				F62AB70729DE06B100994EC5 /* URL+Documents.swift in Sources */,
				F604E54D29E1A95500153BA7 /* PlayerPlayButton.swift in Sources */,
				F6FED3C529DEF658001926A0 /* VideoCDMMigration.swift in Sources */,
			);
			runOnlyForDeploymentPostprocessing = 0;
		};
/* End PBXSourcesBuildPhase section */

/* Begin PBXVariantGroup section */
		F654C45A29DC939200CD7B76 /* Localizable.strings */ = {
			isa = PBXVariantGroup;
			children = (
				F654C45929DC939200CD7B76 /* en */,
				F654C45E29DC939C00CD7B76 /* uk */,
			);
			name = Localizable.strings;
			sourceTree = "<group>";
		};
/* End PBXVariantGroup section */

/* Begin XCBuildConfiguration section */
		F6E829F129DC8C1D00E01247 /* Debug */ = {
			isa = XCBuildConfiguration;
			buildSettings = {
				ALWAYS_SEARCH_USER_PATHS = NO;
				CLANG_ANALYZER_NONNULL = YES;
				CLANG_ANALYZER_NUMBER_OBJECT_CONVERSION = YES_AGGRESSIVE;
				CLANG_CXX_LANGUAGE_STANDARD = "gnu++20";
				CLANG_ENABLE_MODULES = YES;
				CLANG_ENABLE_OBJC_ARC = YES;
				CLANG_ENABLE_OBJC_WEAK = YES;
				CLANG_WARN_BLOCK_CAPTURE_AUTORELEASING = YES;
				CLANG_WARN_BOOL_CONVERSION = YES;
				CLANG_WARN_COMMA = YES;
				CLANG_WARN_CONSTANT_CONVERSION = YES;
				CLANG_WARN_DEPRECATED_OBJC_IMPLEMENTATIONS = YES;
				CLANG_WARN_DIRECT_OBJC_ISA_USAGE = YES_ERROR;
				CLANG_WARN_DOCUMENTATION_COMMENTS = YES;
				CLANG_WARN_EMPTY_BODY = YES;
				CLANG_WARN_ENUM_CONVERSION = YES;
				CLANG_WARN_INFINITE_RECURSION = YES;
				CLANG_WARN_INT_CONVERSION = YES;
				CLANG_WARN_NON_LITERAL_NULL_CONVERSION = YES;
				CLANG_WARN_OBJC_IMPLICIT_RETAIN_SELF = YES;
				CLANG_WARN_OBJC_LITERAL_CONVERSION = YES;
				CLANG_WARN_OBJC_ROOT_CLASS = YES_ERROR;
				CLANG_WARN_QUOTED_INCLUDE_IN_FRAMEWORK_HEADER = YES;
				CLANG_WARN_RANGE_LOOP_ANALYSIS = YES;
				CLANG_WARN_STRICT_PROTOTYPES = YES;
				CLANG_WARN_SUSPICIOUS_MOVE = YES;
				CLANG_WARN_UNGUARDED_AVAILABILITY = YES_AGGRESSIVE;
				CLANG_WARN_UNREACHABLE_CODE = YES;
				CLANG_WARN__DUPLICATE_METHOD_MATCH = YES;
				COPY_PHASE_STRIP = NO;
				DEBUG_INFORMATION_FORMAT = dwarf;
				ENABLE_STRICT_OBJC_MSGSEND = YES;
				ENABLE_TESTABILITY = YES;
				GCC_C_LANGUAGE_STANDARD = gnu11;
				GCC_DYNAMIC_NO_PIC = NO;
				GCC_NO_COMMON_BLOCKS = YES;
				GCC_OPTIMIZATION_LEVEL = 0;
				GCC_PREPROCESSOR_DEFINITIONS = (
					"DEBUG=1",
					"$(inherited)",
				);
				GCC_WARN_64_TO_32_BIT_CONVERSION = YES;
				GCC_WARN_ABOUT_RETURN_TYPE = YES_ERROR;
				GCC_WARN_UNDECLARED_SELECTOR = YES;
				GCC_WARN_UNINITIALIZED_AUTOS = YES_AGGRESSIVE;
				GCC_WARN_UNUSED_FUNCTION = YES;
				GCC_WARN_UNUSED_VARIABLE = YES;
				IPHONEOS_DEPLOYMENT_TARGET = 16.4;
				MTL_ENABLE_DEBUG_INFO = INCLUDE_SOURCE;
				MTL_FAST_MATH = YES;
				ONLY_ACTIVE_ARCH = YES;
				SDKROOT = iphoneos;
				SWIFT_ACTIVE_COMPILATION_CONDITIONS = DEBUG;
				SWIFT_OPTIMIZATION_LEVEL = "-Onone";
			};
			name = Debug;
		};
		F6E829F229DC8C1D00E01247 /* Release */ = {
			isa = XCBuildConfiguration;
			buildSettings = {
				ALWAYS_SEARCH_USER_PATHS = NO;
				CLANG_ANALYZER_NONNULL = YES;
				CLANG_ANALYZER_NUMBER_OBJECT_CONVERSION = YES_AGGRESSIVE;
				CLANG_CXX_LANGUAGE_STANDARD = "gnu++20";
				CLANG_ENABLE_MODULES = YES;
				CLANG_ENABLE_OBJC_ARC = YES;
				CLANG_ENABLE_OBJC_WEAK = YES;
				CLANG_WARN_BLOCK_CAPTURE_AUTORELEASING = YES;
				CLANG_WARN_BOOL_CONVERSION = YES;
				CLANG_WARN_COMMA = YES;
				CLANG_WARN_CONSTANT_CONVERSION = YES;
				CLANG_WARN_DEPRECATED_OBJC_IMPLEMENTATIONS = YES;
				CLANG_WARN_DIRECT_OBJC_ISA_USAGE = YES_ERROR;
				CLANG_WARN_DOCUMENTATION_COMMENTS = YES;
				CLANG_WARN_EMPTY_BODY = YES;
				CLANG_WARN_ENUM_CONVERSION = YES;
				CLANG_WARN_INFINITE_RECURSION = YES;
				CLANG_WARN_INT_CONVERSION = YES;
				CLANG_WARN_NON_LITERAL_NULL_CONVERSION = YES;
				CLANG_WARN_OBJC_IMPLICIT_RETAIN_SELF = YES;
				CLANG_WARN_OBJC_LITERAL_CONVERSION = YES;
				CLANG_WARN_OBJC_ROOT_CLASS = YES_ERROR;
				CLANG_WARN_QUOTED_INCLUDE_IN_FRAMEWORK_HEADER = YES;
				CLANG_WARN_RANGE_LOOP_ANALYSIS = YES;
				CLANG_WARN_STRICT_PROTOTYPES = YES;
				CLANG_WARN_SUSPICIOUS_MOVE = YES;
				CLANG_WARN_UNGUARDED_AVAILABILITY = YES_AGGRESSIVE;
				CLANG_WARN_UNREACHABLE_CODE = YES;
				CLANG_WARN__DUPLICATE_METHOD_MATCH = YES;
				COPY_PHASE_STRIP = NO;
				DEBUG_INFORMATION_FORMAT = "dwarf-with-dsym";
				ENABLE_NS_ASSERTIONS = NO;
				ENABLE_STRICT_OBJC_MSGSEND = YES;
				GCC_C_LANGUAGE_STANDARD = gnu11;
				GCC_NO_COMMON_BLOCKS = YES;
				GCC_WARN_64_TO_32_BIT_CONVERSION = YES;
				GCC_WARN_ABOUT_RETURN_TYPE = YES_ERROR;
				GCC_WARN_UNDECLARED_SELECTOR = YES;
				GCC_WARN_UNINITIALIZED_AUTOS = YES_AGGRESSIVE;
				GCC_WARN_UNUSED_FUNCTION = YES;
				GCC_WARN_UNUSED_VARIABLE = YES;
				IPHONEOS_DEPLOYMENT_TARGET = 16.4;
				MTL_ENABLE_DEBUG_INFO = NO;
				MTL_FAST_MATH = YES;
				SDKROOT = iphoneos;
				SWIFT_COMPILATION_MODE = wholemodule;
				SWIFT_OPTIMIZATION_LEVEL = "-O";
				VALIDATE_PRODUCT = YES;
			};
			name = Release;
		};
		F6E829F429DC8C1D00E01247 /* Debug */ = {
			isa = XCBuildConfiguration;
			baseConfigurationReference = 416ED8B2DA74F1AF171C64C0 /* Pods-VideoPlayer.debug.xcconfig */;
			buildSettings = {
				ASSETCATALOG_COMPILER_APPICON_NAME = AppIcon;
				ASSETCATALOG_COMPILER_GLOBAL_ACCENT_COLOR_NAME = AccentColor;
				CODE_SIGN_STYLE = Automatic;
				CURRENT_PROJECT_VERSION = 1;
				DEVELOPMENT_ASSET_PATHS = "\"VideoPlayer/Preview Content\"";
				DEVELOPMENT_TEAM = 3QS73BWYFX;
				ENABLE_PREVIEWS = YES;
				GENERATE_INFOPLIST_FILE = YES;
				INFOPLIST_KEY_CFBundleDisplayName = "Max Video";
				INFOPLIST_KEY_LSApplicationCategoryType = "public.app-category.video";
				INFOPLIST_KEY_UIApplicationSceneManifest_Generation = YES;
				INFOPLIST_KEY_UIApplicationSupportsIndirectInputEvents = YES;
				INFOPLIST_KEY_UILaunchScreen_Generation = YES;
				INFOPLIST_KEY_UIStatusBarStyle = "";
				INFOPLIST_KEY_UISupportedInterfaceOrientations_iPad = "UIInterfaceOrientationPortrait UIInterfaceOrientationPortraitUpsideDown UIInterfaceOrientationLandscapeLeft UIInterfaceOrientationLandscapeRight";
				INFOPLIST_KEY_UISupportedInterfaceOrientations_iPhone = "UIInterfaceOrientationPortrait UIInterfaceOrientationLandscapeLeft UIInterfaceOrientationLandscapeRight";
				LD_RUNPATH_SEARCH_PATHS = (
					"$(inherited)",
					"@executable_path/Frameworks",
				);
				MARKETING_VERSION = 1.0;
				PRODUCT_BUNDLE_IDENTIFIER = max.VideoPlayer;
				PRODUCT_NAME = "$(TARGET_NAME)";
				SWIFT_EMIT_LOC_STRINGS = YES;
				SWIFT_VERSION = 5.0;
				TARGETED_DEVICE_FAMILY = "1,2";
			};
			name = Debug;
		};
		F6E829F529DC8C1D00E01247 /* Release */ = {
			isa = XCBuildConfiguration;
			baseConfigurationReference = 2E1C406C5332924C1599EEB0 /* Pods-VideoPlayer.release.xcconfig */;
			buildSettings = {
				ASSETCATALOG_COMPILER_APPICON_NAME = AppIcon;
				ASSETCATALOG_COMPILER_GLOBAL_ACCENT_COLOR_NAME = AccentColor;
				CODE_SIGN_STYLE = Automatic;
				CURRENT_PROJECT_VERSION = 1;
				DEVELOPMENT_ASSET_PATHS = "\"VideoPlayer/Preview Content\"";
				DEVELOPMENT_TEAM = 3QS73BWYFX;
				ENABLE_PREVIEWS = YES;
				GENERATE_INFOPLIST_FILE = YES;
				INFOPLIST_KEY_CFBundleDisplayName = "Max Video";
				INFOPLIST_KEY_LSApplicationCategoryType = "public.app-category.video";
				INFOPLIST_KEY_UIApplicationSceneManifest_Generation = YES;
				INFOPLIST_KEY_UIApplicationSupportsIndirectInputEvents = YES;
				INFOPLIST_KEY_UILaunchScreen_Generation = YES;
				INFOPLIST_KEY_UIStatusBarStyle = "";
				INFOPLIST_KEY_UISupportedInterfaceOrientations_iPad = "UIInterfaceOrientationPortrait UIInterfaceOrientationPortraitUpsideDown UIInterfaceOrientationLandscapeLeft UIInterfaceOrientationLandscapeRight";
				INFOPLIST_KEY_UISupportedInterfaceOrientations_iPhone = "UIInterfaceOrientationPortrait UIInterfaceOrientationLandscapeLeft UIInterfaceOrientationLandscapeRight";
				LD_RUNPATH_SEARCH_PATHS = (
					"$(inherited)",
					"@executable_path/Frameworks",
				);
				MARKETING_VERSION = 1.0;
				PRODUCT_BUNDLE_IDENTIFIER = max.VideoPlayer;
				PRODUCT_NAME = "$(TARGET_NAME)";
				SWIFT_EMIT_LOC_STRINGS = YES;
				SWIFT_VERSION = 5.0;
				TARGETED_DEVICE_FAMILY = "1,2";
			};
			name = Release;
		};
/* End XCBuildConfiguration section */

/* Begin XCConfigurationList section */
		F6E829E029DC8C1D00E01247 /* Build configuration list for PBXProject "VideoPlayer" */ = {
			isa = XCConfigurationList;
			buildConfigurations = (
				F6E829F129DC8C1D00E01247 /* Debug */,
				F6E829F229DC8C1D00E01247 /* Release */,
			);
			defaultConfigurationIsVisible = 0;
			defaultConfigurationName = Release;
		};
		F6E829F329DC8C1D00E01247 /* Build configuration list for PBXNativeTarget "VideoPlayer" */ = {
			isa = XCConfigurationList;
			buildConfigurations = (
				F6E829F429DC8C1D00E01247 /* Debug */,
				F6E829F529DC8C1D00E01247 /* Release */,
			);
			defaultConfigurationIsVisible = 0;
			defaultConfigurationName = Release;
		};
/* End XCConfigurationList section */

/* Begin XCVersionGroup section */
		F6FED3C729DF021D001926A0 /* Database.xcdatamodeld */ = {
			isa = XCVersionGroup;
			children = (
				F604E54229E18DC300153BA7 /* Database_1.2.xcdatamodel */,
				F6FED3C829DF021D001926A0 /* Database.xcdatamodel */,
				F6FED3C929DF021D001926A0 /* Database_1.1.xcdatamodel */,
			);
			currentVersion = F604E54229E18DC300153BA7 /* Database_1.2.xcdatamodel */;
			path = Database.xcdatamodeld;
			sourceTree = "<group>";
			versionGroupType = wrapper.xcdatamodel;
		};
/* End XCVersionGroup section */
	};
	rootObject = F6E829DD29DC8C1D00E01247 /* Project object */;
}
