// !$*UTF8*$!
{
	archiveVersion = 1;
	classes = {
	};
	objectVersion = 56;
	objects = {

/* Begin PBXBuildFile section */
		66DBDF609AA6A85FFBC9BFF9 /* Pods_VideoPlayer.framework in Frameworks */ = {isa = PBXBuildFile; fileRef = 685120F106EC69925842244C /* Pods_VideoPlayer.framework */; };
		F604E53F29E18ACE00153BA7 /* AppDelegate.swift in Sources */ = {isa = PBXBuildFile; fileRef = F604E53E29E18ACE00153BA7 /* AppDelegate.swift */; };
		F604E54A29E1A91500153BA7 /* PlayerProgressView.swift in Sources */ = {isa = PBXBuildFile; fileRef = F604E54929E1A91500153BA7 /* PlayerProgressView.swift */; };
		F632307429F6BF4000CF106A /* TestCode.h in Headers */ = {isa = PBXBuildFile; fileRef = F632307329F6BF4000CF106A /* TestCode.h */; settings = {ATTRIBUTES = (Public, ); }; };
		F632307729F6BF4000CF106A /* TestCode.framework in Frameworks */ = {isa = PBXBuildFile; fileRef = F632307129F6BF4000CF106A /* TestCode.framework */; };
		F632307829F6BF4000CF106A /* TestCode.framework in Embed Frameworks */ = {isa = PBXBuildFile; fileRef = F632307129F6BF4000CF106A /* TestCode.framework */; settings = {ATTRIBUTES = (CodeSignOnCopy, RemoveHeadersOnCopy, ); }; };
		F632307C29F6BF4F00CF106A /* Test.swift in Sources */ = {isa = PBXBuildFile; fileRef = F672E4B329EA026800F30D90 /* Test.swift */; };
		F63230A229F6C8D800CF106A /* VideoPlayerMVApp.swift in Sources */ = {isa = PBXBuildFile; fileRef = F63230A129F6C8D800CF106A /* VideoPlayerMVApp.swift */; };
		F63230A429F6C8D800CF106A /* MainView.swift in Sources */ = {isa = PBXBuildFile; fileRef = F63230A329F6C8D800CF106A /* MainView.swift */; };
		F63230B029F6C93700CF106A /* Assets.xcassets in Resources */ = {isa = PBXBuildFile; fileRef = F6E829EC29DC8C1D00E01247 /* Assets.xcassets */; };
		F63230BE29F6CE2600CF106A /* VideoList.swift in Sources */ = {isa = PBXBuildFile; fileRef = F63230BD29F6CE2600CF106A /* VideoList.swift */; };
		F63230C029F6D04100CF106A /* VideoManager.swift in Sources */ = {isa = PBXBuildFile; fileRef = F63230BF29F6D04100CF106A /* VideoManager.swift */; };
		F63230C429F6D6A500CF106A /* MediaImportManager.swift in Sources */ = {isa = PBXBuildFile; fileRef = F63230C329F6D6A500CF106A /* MediaImportManager.swift */; };
		F63230CD29F6DDA200CF106A /* EditVideoView.swift in Sources */ = {isa = PBXBuildFile; fileRef = F63230CC29F6DDA200CF106A /* EditVideoView.swift */; };
		F63230D229F7F3ED00CF106A /* VideoPlayerView.swift in Sources */ = {isa = PBXBuildFile; fileRef = F63230D129F7F3ED00CF106A /* VideoPlayerView.swift */; };
		F63230D429F7F3FE00CF106A /* VideoView.swift in Sources */ = {isa = PBXBuildFile; fileRef = F63230D329F7F3FE00CF106A /* VideoView.swift */; };
		F63230DA29F7FB2800CF106A /* ProgressView.swift in Sources */ = {isa = PBXBuildFile; fileRef = F63230D929F7FB2800CF106A /* ProgressView.swift */; };
		F63230E029F8945B00CF106A /* VideoControlsView.swift in Sources */ = {isa = PBXBuildFile; fileRef = F63230DF29F8945B00CF106A /* VideoControlsView.swift */; };
		F64075522A02F9EF00D37958 /* libVideoPlayerKit.a in Frameworks */ = {isa = PBXBuildFile; fileRef = F640754B2A02F9DE00D37958 /* libVideoPlayerKit.a */; };
		F64075552A02F9F500D37958 /* libVideoPlayerKit.a in Frameworks */ = {isa = PBXBuildFile; fileRef = F640754B2A02F9DE00D37958 /* libVideoPlayerKit.a */; };
		F64075592A02FA4500D37958 /* Publisher+Async.swift in Sources */ = {isa = PBXBuildFile; fileRef = F64075582A02FA4500D37958 /* Publisher+Async.swift */; };
		F640755A2A02FA8400D37958 /* Combine+Extensions.swift in Sources */ = {isa = PBXBuildFile; fileRef = F654C47029DCB49100CD7B76 /* Combine+Extensions.swift */; };
		F640755B2A02FA8400D37958 /* NSObject+AnyCancellable.swift in Sources */ = {isa = PBXBuildFile; fileRef = F654C47229DCB4F500CD7B76 /* NSObject+AnyCancellable.swift */; };
		F640755C2A02FA8400D37958 /* ViewImageFetcher.swift in Sources */ = {isa = PBXBuildFile; fileRef = F672E4E929EDADC100F30D90 /* ViewImageFetcher.swift */; };
		F654C45829DC939200CD7B76 /* Localizable.strings in Resources */ = {isa = PBXBuildFile; fileRef = F654C45A29DC939200CD7B76 /* Localizable.strings */; };
		F654C46929DCA3E500CD7B76 /* VideoList.swift in Sources */ = {isa = PBXBuildFile; fileRef = F654C46829DCA3E500CD7B76 /* VideoList.swift */; };
		F654C46F29DCB19800CD7B76 /* MainViewModel.swift in Sources */ = {isa = PBXBuildFile; fileRef = F654C46E29DCB19800CD7B76 /* MainViewModel.swift */; };
		F66C2D1A29FC08DB00EB085B /* VideoPlayerViews in Frameworks */ = {isa = PBXBuildFile; productRef = F66C2D1929FC08DB00EB085B /* VideoPlayerViews */; };
		F66C2D1C29FC091100EB085B /* VideoPlayerViews in Frameworks */ = {isa = PBXBuildFile; productRef = F66C2D1B29FC091100EB085B /* VideoPlayerViews */; };
		F66C2D2129FC0BA500EB085B /* VideoPlayerModel in Frameworks */ = {isa = PBXBuildFile; productRef = F66C2D2029FC0BA500EB085B /* VideoPlayerModel */; };
		F66C2D2329FC0BB100EB085B /* VideoPlayerModel in Frameworks */ = {isa = PBXBuildFile; productRef = F66C2D2229FC0BB100EB085B /* VideoPlayerModel */; };
		F672E4AE29E971B100F30D90 /* CampaignService.swift in Sources */ = {isa = PBXBuildFile; fileRef = F672E4AD29E971B100F30D90 /* CampaignService.swift */; };
		F672E4B029E974B500F30D90 /* CampaignViewBuilder.swift in Sources */ = {isa = PBXBuildFile; fileRef = F672E4AF29E974B500F30D90 /* CampaignViewBuilder.swift */; };
		F672E4B229E974F800F30D90 /* AppViewModel.swift in Sources */ = {isa = PBXBuildFile; fileRef = F672E4B129E974F800F30D90 /* AppViewModel.swift */; };
		F672E4BA29EA0ECB00F30D90 /* VideoPlayerView.swift in Sources */ = {isa = PBXBuildFile; fileRef = F672E4B929EA0ECB00F30D90 /* VideoPlayerView.swift */; };
		F672E4BD29EC1CB600F30D90 /* EditVideoView.swift in Sources */ = {isa = PBXBuildFile; fileRef = F672E4BC29EC1CB600F30D90 /* EditVideoView.swift */; };
		F672E4BF29EC1D7400F30D90 /* EditVideoViewModel.swift in Sources */ = {isa = PBXBuildFile; fileRef = F672E4BE29EC1D7400F30D90 /* EditVideoViewModel.swift */; };
		F68518BE29F9937900F92DB7 /* VideoImportListView.swift in Sources */ = {isa = PBXBuildFile; fileRef = F68518BD29F9937900F92DB7 /* VideoImportListView.swift */; };
		F69528E529E1B643003BCD1A /* PlayerControlsViewModel.swift in Sources */ = {isa = PBXBuildFile; fileRef = F69528E429E1B643003BCD1A /* PlayerControlsViewModel.swift */; };
		F69528E829E1B6CD003BCD1A /* PlayerProgressViewModel.swift in Sources */ = {isa = PBXBuildFile; fileRef = F69528E729E1B6CD003BCD1A /* PlayerProgressViewModel.swift */; };
		F6E829E929DC8C1D00E01247 /* VideoPlayerApp.swift in Sources */ = {isa = PBXBuildFile; fileRef = F6E829E829DC8C1D00E01247 /* VideoPlayerApp.swift */; };
		F6E829EB29DC8C1D00E01247 /* MainView.swift in Sources */ = {isa = PBXBuildFile; fileRef = F6E829EA29DC8C1D00E01247 /* MainView.swift */; };
		F6E829ED29DC8C1D00E01247 /* Assets.xcassets in Resources */ = {isa = PBXBuildFile; fileRef = F6E829EC29DC8C1D00E01247 /* Assets.xcassets */; };
		F6E829F029DC8C1D00E01247 /* Preview Assets.xcassets in Resources */ = {isa = PBXBuildFile; fileRef = F6E829EF29DC8C1D00E01247 /* Preview Assets.xcassets */; };
		F6FED3D329DF49BD001926A0 /* VideoView.swift in Sources */ = {isa = PBXBuildFile; fileRef = F6FED3D229DF49BD001926A0 /* VideoView.swift */; };
		F6FED3D529DF4A37001926A0 /* VideoPlayerViewModel.swift in Sources */ = {isa = PBXBuildFile; fileRef = F6FED3D429DF4A37001926A0 /* VideoPlayerViewModel.swift */; };
		F6FED3D929DF5073001926A0 /* VideoPlayerControlsView.swift in Sources */ = {isa = PBXBuildFile; fileRef = F6FED3D829DF5073001926A0 /* VideoPlayerControlsView.swift */; };
		F6FED3E429E03D35001926A0 /* VideoListViewModel.swift in Sources */ = {isa = PBXBuildFile; fileRef = F6FED3E329E03D35001926A0 /* VideoListViewModel.swift */; };
/* End PBXBuildFile section */

/* Begin PBXContainerItemProxy section */
		F632307529F6BF4000CF106A /* PBXContainerItemProxy */ = {
			isa = PBXContainerItemProxy;
			containerPortal = F6E829DD29DC8C1D00E01247 /* Project object */;
			proxyType = 1;
			remoteGlobalIDString = F632307029F6BF4000CF106A;
			remoteInfo = TestCode;
		};
		F64075532A02F9EF00D37958 /* PBXContainerItemProxy */ = {
			isa = PBXContainerItemProxy;
			containerPortal = F6E829DD29DC8C1D00E01247 /* Project object */;
			proxyType = 1;
			remoteGlobalIDString = F640754A2A02F9DE00D37958;
			remoteInfo = VideoPlayerKit;
		};
		F64075562A02F9F500D37958 /* PBXContainerItemProxy */ = {
			isa = PBXContainerItemProxy;
			containerPortal = F6E829DD29DC8C1D00E01247 /* Project object */;
			proxyType = 1;
			remoteGlobalIDString = F640754A2A02F9DE00D37958;
			remoteInfo = VideoPlayerKit;
		};
/* End PBXContainerItemProxy section */

/* Begin PBXCopyFilesBuildPhase section */
		F632305029F6B71700CF106A /* Embed Frameworks */ = {
			isa = PBXCopyFilesBuildPhase;
			buildActionMask = 2147483647;
			dstPath = "";
			dstSubfolderSpec = 10;
			files = (
				F632307829F6BF4000CF106A /* TestCode.framework in Embed Frameworks */,
			);
			name = "Embed Frameworks";
			runOnlyForDeploymentPostprocessing = 0;
		};
		F63230BC29F6CDA800CF106A /* Embed Frameworks */ = {
			isa = PBXCopyFilesBuildPhase;
			buildActionMask = 2147483647;
			dstPath = "";
			dstSubfolderSpec = 10;
			files = (
			);
			name = "Embed Frameworks";
			runOnlyForDeploymentPostprocessing = 0;
		};
		F64075492A02F9DE00D37958 /* CopyFiles */ = {
			isa = PBXCopyFilesBuildPhase;
			buildActionMask = 2147483647;
			dstPath = "include/$(PRODUCT_NAME)";
			dstSubfolderSpec = 16;
			files = (
			);
			runOnlyForDeploymentPostprocessing = 0;
		};
/* End PBXCopyFilesBuildPhase section */

/* Begin PBXFileReference section */
		2E1C406C5332924C1599EEB0 /* Pods-VideoPlayer.release.xcconfig */ = {isa = PBXFileReference; includeInIndex = 1; lastKnownFileType = text.xcconfig; name = "Pods-VideoPlayer.release.xcconfig"; path = "Target Support Files/Pods-VideoPlayer/Pods-VideoPlayer.release.xcconfig"; sourceTree = "<group>"; };
		416ED8B2DA74F1AF171C64C0 /* Pods-VideoPlayer.debug.xcconfig */ = {isa = PBXFileReference; includeInIndex = 1; lastKnownFileType = text.xcconfig; name = "Pods-VideoPlayer.debug.xcconfig"; path = "Target Support Files/Pods-VideoPlayer/Pods-VideoPlayer.debug.xcconfig"; sourceTree = "<group>"; };
		685120F106EC69925842244C /* Pods_VideoPlayer.framework */ = {isa = PBXFileReference; explicitFileType = wrapper.framework; includeInIndex = 0; path = Pods_VideoPlayer.framework; sourceTree = BUILT_PRODUCTS_DIR; };
		F604E53E29E18ACE00153BA7 /* AppDelegate.swift */ = {isa = PBXFileReference; lastKnownFileType = sourcecode.swift; path = AppDelegate.swift; sourceTree = "<group>"; };
		F604E54929E1A91500153BA7 /* PlayerProgressView.swift */ = {isa = PBXFileReference; lastKnownFileType = sourcecode.swift; path = PlayerProgressView.swift; sourceTree = "<group>"; };
		F632307129F6BF4000CF106A /* TestCode.framework */ = {isa = PBXFileReference; explicitFileType = wrapper.framework; includeInIndex = 0; path = TestCode.framework; sourceTree = BUILT_PRODUCTS_DIR; };
		F632307329F6BF4000CF106A /* TestCode.h */ = {isa = PBXFileReference; lastKnownFileType = sourcecode.c.h; path = TestCode.h; sourceTree = "<group>"; };
		F632309F29F6C8D800CF106A /* VideoPlayerMV.app */ = {isa = PBXFileReference; explicitFileType = wrapper.application; includeInIndex = 0; path = VideoPlayerMV.app; sourceTree = BUILT_PRODUCTS_DIR; };
		F63230A129F6C8D800CF106A /* VideoPlayerMVApp.swift */ = {isa = PBXFileReference; lastKnownFileType = sourcecode.swift; path = VideoPlayerMVApp.swift; sourceTree = "<group>"; };
		F63230A329F6C8D800CF106A /* MainView.swift */ = {isa = PBXFileReference; lastKnownFileType = sourcecode.swift; path = MainView.swift; sourceTree = "<group>"; };
		F63230BD29F6CE2600CF106A /* VideoList.swift */ = {isa = PBXFileReference; lastKnownFileType = sourcecode.swift; path = VideoList.swift; sourceTree = "<group>"; };
		F63230BF29F6D04100CF106A /* VideoManager.swift */ = {isa = PBXFileReference; lastKnownFileType = sourcecode.swift; path = VideoManager.swift; sourceTree = "<group>"; };
		F63230C329F6D6A500CF106A /* MediaImportManager.swift */ = {isa = PBXFileReference; lastKnownFileType = sourcecode.swift; path = MediaImportManager.swift; sourceTree = "<group>"; };
		F63230CC29F6DDA200CF106A /* EditVideoView.swift */ = {isa = PBXFileReference; lastKnownFileType = sourcecode.swift; path = EditVideoView.swift; sourceTree = "<group>"; };
		F63230D129F7F3ED00CF106A /* VideoPlayerView.swift */ = {isa = PBXFileReference; lastKnownFileType = sourcecode.swift; path = VideoPlayerView.swift; sourceTree = "<group>"; };
		F63230D329F7F3FE00CF106A /* VideoView.swift */ = {isa = PBXFileReference; lastKnownFileType = sourcecode.swift; path = VideoView.swift; sourceTree = "<group>"; };
		F63230D929F7FB2800CF106A /* ProgressView.swift */ = {isa = PBXFileReference; lastKnownFileType = sourcecode.swift; path = ProgressView.swift; sourceTree = "<group>"; };
		F63230DF29F8945B00CF106A /* VideoControlsView.swift */ = {isa = PBXFileReference; lastKnownFileType = sourcecode.swift; path = VideoControlsView.swift; sourceTree = "<group>"; };
		F640754B2A02F9DE00D37958 /* libVideoPlayerKit.a */ = {isa = PBXFileReference; explicitFileType = archive.ar; includeInIndex = 0; path = libVideoPlayerKit.a; sourceTree = BUILT_PRODUCTS_DIR; };
		F64075582A02FA4500D37958 /* Publisher+Async.swift */ = {isa = PBXFileReference; lastKnownFileType = sourcecode.swift; path = "Publisher+Async.swift"; sourceTree = "<group>"; };
		F654C45929DC939200CD7B76 /* en */ = {isa = PBXFileReference; lastKnownFileType = text.plist.strings; name = en; path = en.lproj/Localizable.strings; sourceTree = "<group>"; };
		F654C45E29DC939C00CD7B76 /* uk */ = {isa = PBXFileReference; lastKnownFileType = text.plist.strings; name = uk; path = uk.lproj/Localizable.strings; sourceTree = "<group>"; };
		F654C46829DCA3E500CD7B76 /* VideoList.swift */ = {isa = PBXFileReference; lastKnownFileType = sourcecode.swift; path = VideoList.swift; sourceTree = "<group>"; };
		F654C46E29DCB19800CD7B76 /* MainViewModel.swift */ = {isa = PBXFileReference; lastKnownFileType = sourcecode.swift; path = MainViewModel.swift; sourceTree = "<group>"; };
		F654C47029DCB49100CD7B76 /* Combine+Extensions.swift */ = {isa = PBXFileReference; lastKnownFileType = sourcecode.swift; path = "Combine+Extensions.swift"; sourceTree = "<group>"; };
		F654C47229DCB4F500CD7B76 /* NSObject+AnyCancellable.swift */ = {isa = PBXFileReference; lastKnownFileType = sourcecode.swift; path = "NSObject+AnyCancellable.swift"; sourceTree = "<group>"; };
		F66C2D2529FD74F700EB085B /* VideoPlayerModel */ = {isa = PBXFileReference; lastKnownFileType = wrapper; name = VideoPlayerModel; path = ../VideoPlayerModel; sourceTree = "<group>"; };
		F672E4AD29E971B100F30D90 /* CampaignService.swift */ = {isa = PBXFileReference; lastKnownFileType = sourcecode.swift; path = CampaignService.swift; sourceTree = "<group>"; };
		F672E4AF29E974B500F30D90 /* CampaignViewBuilder.swift */ = {isa = PBXFileReference; lastKnownFileType = sourcecode.swift; path = CampaignViewBuilder.swift; sourceTree = "<group>"; };
		F672E4B129E974F800F30D90 /* AppViewModel.swift */ = {isa = PBXFileReference; lastKnownFileType = sourcecode.swift; path = AppViewModel.swift; sourceTree = "<group>"; };
		F672E4B329EA026800F30D90 /* Test.swift */ = {isa = PBXFileReference; lastKnownFileType = sourcecode.swift; path = Test.swift; sourceTree = "<group>"; };
		F672E4B929EA0ECB00F30D90 /* VideoPlayerView.swift */ = {isa = PBXFileReference; lastKnownFileType = sourcecode.swift; path = VideoPlayerView.swift; sourceTree = "<group>"; };
		F672E4BC29EC1CB600F30D90 /* EditVideoView.swift */ = {isa = PBXFileReference; lastKnownFileType = sourcecode.swift; path = EditVideoView.swift; sourceTree = "<group>"; };
		F672E4BE29EC1D7400F30D90 /* EditVideoViewModel.swift */ = {isa = PBXFileReference; lastKnownFileType = sourcecode.swift; path = EditVideoViewModel.swift; sourceTree = "<group>"; };
		F672E4E929EDADC100F30D90 /* ViewImageFetcher.swift */ = {isa = PBXFileReference; lastKnownFileType = sourcecode.swift; path = ViewImageFetcher.swift; sourceTree = "<group>"; };
		F67C29A42A03D6CF00D7CC13 /* VideoPlayerViews */ = {isa = PBXFileReference; lastKnownFileType = wrapper; name = VideoPlayerViews; path = ../VideoPlayerViews; sourceTree = "<group>"; };
		F68518BD29F9937900F92DB7 /* VideoImportListView.swift */ = {isa = PBXFileReference; lastKnownFileType = sourcecode.swift; path = VideoImportListView.swift; sourceTree = "<group>"; };
		F69528E429E1B643003BCD1A /* PlayerControlsViewModel.swift */ = {isa = PBXFileReference; lastKnownFileType = sourcecode.swift; path = PlayerControlsViewModel.swift; sourceTree = "<group>"; };
		F69528E729E1B6CD003BCD1A /* PlayerProgressViewModel.swift */ = {isa = PBXFileReference; lastKnownFileType = sourcecode.swift; path = PlayerProgressViewModel.swift; sourceTree = "<group>"; };
		F6E829E529DC8C1D00E01247 /* VideoPlayer.app */ = {isa = PBXFileReference; explicitFileType = wrapper.application; includeInIndex = 0; path = VideoPlayer.app; sourceTree = BUILT_PRODUCTS_DIR; };
		F6E829E829DC8C1D00E01247 /* VideoPlayerApp.swift */ = {isa = PBXFileReference; lastKnownFileType = sourcecode.swift; path = VideoPlayerApp.swift; sourceTree = "<group>"; };
		F6E829EA29DC8C1D00E01247 /* MainView.swift */ = {isa = PBXFileReference; lastKnownFileType = sourcecode.swift; path = MainView.swift; sourceTree = "<group>"; };
		F6E829EC29DC8C1D00E01247 /* Assets.xcassets */ = {isa = PBXFileReference; lastKnownFileType = folder.assetcatalog; path = Assets.xcassets; sourceTree = "<group>"; };
		F6E829EF29DC8C1D00E01247 /* Preview Assets.xcassets */ = {isa = PBXFileReference; lastKnownFileType = folder.assetcatalog; path = "Preview Assets.xcassets"; sourceTree = "<group>"; };
		F6FED3D229DF49BD001926A0 /* VideoView.swift */ = {isa = PBXFileReference; lastKnownFileType = sourcecode.swift; path = VideoView.swift; sourceTree = "<group>"; };
		F6FED3D429DF4A37001926A0 /* VideoPlayerViewModel.swift */ = {isa = PBXFileReference; lastKnownFileType = sourcecode.swift; path = VideoPlayerViewModel.swift; sourceTree = "<group>"; };
		F6FED3D829DF5073001926A0 /* VideoPlayerControlsView.swift */ = {isa = PBXFileReference; lastKnownFileType = sourcecode.swift; path = VideoPlayerControlsView.swift; sourceTree = "<group>"; };
		F6FED3E329E03D35001926A0 /* VideoListViewModel.swift */ = {isa = PBXFileReference; lastKnownFileType = sourcecode.swift; path = VideoListViewModel.swift; sourceTree = "<group>"; };
/* End PBXFileReference section */

/* Begin PBXFrameworksBuildPhase section */
		F632306E29F6BF4000CF106A /* Frameworks */ = {
			isa = PBXFrameworksBuildPhase;
			buildActionMask = 2147483647;
			files = (
			);
			runOnlyForDeploymentPostprocessing = 0;
		};
		F632309C29F6C8D800CF106A /* Frameworks */ = {
			isa = PBXFrameworksBuildPhase;
			buildActionMask = 2147483647;
			files = (
				F66C2D1C29FC091100EB085B /* VideoPlayerViews in Frameworks */,
				F66C2D2129FC0BA500EB085B /* VideoPlayerModel in Frameworks */,
				F64075522A02F9EF00D37958 /* libVideoPlayerKit.a in Frameworks */,
			);
			runOnlyForDeploymentPostprocessing = 0;
		};
		F64075482A02F9DE00D37958 /* Frameworks */ = {
			isa = PBXFrameworksBuildPhase;
			buildActionMask = 2147483647;
			files = (
			);
			runOnlyForDeploymentPostprocessing = 0;
		};
		F6E829E229DC8C1D00E01247 /* Frameworks */ = {
			isa = PBXFrameworksBuildPhase;
			buildActionMask = 2147483647;
			files = (
				F632307729F6BF4000CF106A /* TestCode.framework in Frameworks */,
				F66C2D2329FC0BB100EB085B /* VideoPlayerModel in Frameworks */,
				F64075552A02F9F500D37958 /* libVideoPlayerKit.a in Frameworks */,
				F66C2D1A29FC08DB00EB085B /* VideoPlayerViews in Frameworks */,
				66DBDF609AA6A85FFBC9BFF9 /* Pods_VideoPlayer.framework in Frameworks */,
			);
			runOnlyForDeploymentPostprocessing = 0;
		};
/* End PBXFrameworksBuildPhase section */

/* Begin PBXGroup section */
		895C5E8853EB58DCD5092CCE /* Pods */ = {
			isa = PBXGroup;
			children = (
				416ED8B2DA74F1AF171C64C0 /* Pods-VideoPlayer.debug.xcconfig */,
				2E1C406C5332924C1599EEB0 /* Pods-VideoPlayer.release.xcconfig */,
			);
			path = Pods;
			sourceTree = "<group>";
		};
		F204BFE0FAD42E5FF2C6D899 /* Frameworks */ = {
			isa = PBXGroup;
			children = (
				685120F106EC69925842244C /* Pods_VideoPlayer.framework */,
			);
			name = Frameworks;
			sourceTree = "<group>";
		};
		F604E54029E18B3100153BA7 /* App */ = {
			isa = PBXGroup;
			children = (
				F6E829E829DC8C1D00E01247 /* VideoPlayerApp.swift */,
				F672E4B129E974F800F30D90 /* AppViewModel.swift */,
				F604E53E29E18ACE00153BA7 /* AppDelegate.swift */,
			);
			path = App;
			sourceTree = "<group>";
		};
		F604E54E29E1A98C00153BA7 /* Player Controls */ = {
			isa = PBXGroup;
			children = (
				F6FED3D829DF5073001926A0 /* VideoPlayerControlsView.swift */,
				F69528E429E1B643003BCD1A /* PlayerControlsViewModel.swift */,
				F69528EF29E1CB4D003BCD1A /* Controls */,
			);
			path = "Player Controls";
			sourceTree = "<group>";
		};
		F62AB6E829DD9F4400994EC5 /* Helpers */ = {
			isa = PBXGroup;
			children = (
				F632308D29F6C32800CF106A /* Extensions */,
				F672E4AD29E971B100F30D90 /* CampaignService.swift */,
				F672E4AF29E974B500F30D90 /* CampaignViewBuilder.swift */,
			);
			path = Helpers;
			sourceTree = "<group>";
		};
		F62AB6EE29DDA9DF00994EC5 /* Main Screen */ = {
			isa = PBXGroup;
			children = (
				F6E829EA29DC8C1D00E01247 /* MainView.swift */,
				F654C46E29DCB19800CD7B76 /* MainViewModel.swift */,
				F6FED3E229E03D24001926A0 /* VideoList */,
			);
			path = "Main Screen";
			sourceTree = "<group>";
		};
		F632307229F6BF4000CF106A /* TestCode */ = {
			isa = PBXGroup;
			children = (
				F672E4B329EA026800F30D90 /* Test.swift */,
				F632307329F6BF4000CF106A /* TestCode.h */,
			);
			path = TestCode;
			sourceTree = "<group>";
		};
		F632308D29F6C32800CF106A /* Extensions */ = {
			isa = PBXGroup;
			children = (
			);
			path = Extensions;
			sourceTree = "<group>";
		};
		F63230A029F6C8D800CF106A /* VideoPlayerMV */ = {
			isa = PBXGroup;
			children = (
				F63230A129F6C8D800CF106A /* VideoPlayerMVApp.swift */,
				F63230CE29F6DE8B00CF106A /* Views */,
				F63230CF29F6DE9400CF106A /* Managers */,
			);
			path = VideoPlayerMV;
			sourceTree = "<group>";
		};
		F63230CE29F6DE8B00CF106A /* Views */ = {
			isa = PBXGroup;
			children = (
				F63230A329F6C8D800CF106A /* MainView.swift */,
				F63230BD29F6CE2600CF106A /* VideoList.swift */,
				F63230CC29F6DDA200CF106A /* EditVideoView.swift */,
				F68518BD29F9937900F92DB7 /* VideoImportListView.swift */,
				F63230D029F7F3DB00CF106A /* PlayerView */,
			);
			path = Views;
			sourceTree = "<group>";
		};
		F63230CF29F6DE9400CF106A /* Managers */ = {
			isa = PBXGroup;
			children = (
				F63230BF29F6D04100CF106A /* VideoManager.swift */,
				F63230C329F6D6A500CF106A /* MediaImportManager.swift */,
			);
			path = Managers;
			sourceTree = "<group>";
		};
		F63230D029F7F3DB00CF106A /* PlayerView */ = {
			isa = PBXGroup;
			children = (
				F63230D329F7F3FE00CF106A /* VideoView.swift */,
				F63230DF29F8945B00CF106A /* VideoControlsView.swift */,
				F63230D129F7F3ED00CF106A /* VideoPlayerView.swift */,
				F63230D929F7FB2800CF106A /* ProgressView.swift */,
			);
			path = PlayerView;
			sourceTree = "<group>";
		};
		F640754C2A02F9DE00D37958 /* VideoPlayerKit */ = {
			isa = PBXGroup;
			children = (
				F654C47029DCB49100CD7B76 /* Combine+Extensions.swift */,
				F654C47229DCB4F500CD7B76 /* NSObject+AnyCancellable.swift */,
				F672E4E929EDADC100F30D90 /* ViewImageFetcher.swift */,
				F64075582A02FA4500D37958 /* Publisher+Async.swift */,
			);
			path = VideoPlayerKit;
			sourceTree = "<group>";
		};
		F654C45329DC933700CD7B76 /* Resources */ = {
			isa = PBXGroup;
			children = (
				F6E829EC29DC8C1D00E01247 /* Assets.xcassets */,
				F654C45A29DC939200CD7B76 /* Localizable.strings */,
			);
			path = Resources;
			sourceTree = "<group>";
		};
		F66C2D2429FD74F700EB085B /* Packages */ = {
			isa = PBXGroup;
			children = (
				F66C2D2529FD74F700EB085B /* VideoPlayerModel */,
				F67C29A42A03D6CF00D7CC13 /* VideoPlayerViews */,
			);
			name = Packages;
			sourceTree = "<group>";
		};
		F672E4BB29EC1C9B00F30D90 /* EditVideo */ = {
			isa = PBXGroup;
			children = (
				F672E4BC29EC1CB600F30D90 /* EditVideoView.swift */,
				F672E4BE29EC1D7400F30D90 /* EditVideoViewModel.swift */,
			);
			path = EditVideo;
			sourceTree = "<group>";
		};
		F69528EE29E1CB29003BCD1A /* ProgressView */ = {
			isa = PBXGroup;
			children = (
				F604E54929E1A91500153BA7 /* PlayerProgressView.swift */,
				F69528E729E1B6CD003BCD1A /* PlayerProgressViewModel.swift */,
			);
			path = ProgressView;
			sourceTree = "<group>";
		};
		F69528EF29E1CB4D003BCD1A /* Controls */ = {
			isa = PBXGroup;
			children = (
				F69528EE29E1CB29003BCD1A /* ProgressView */,
			);
			path = Controls;
			sourceTree = "<group>";
		};
		F6E829DC29DC8C1D00E01247 = {
			isa = PBXGroup;
			children = (
				F66C2D2429FD74F700EB085B /* Packages */,
				F6E829E729DC8C1D00E01247 /* VideoPlayer */,
				F63230A029F6C8D800CF106A /* VideoPlayerMV */,
				F640754C2A02F9DE00D37958 /* VideoPlayerKit */,
				F632307229F6BF4000CF106A /* TestCode */,
				F6E829E629DC8C1D00E01247 /* Products */,
				895C5E8853EB58DCD5092CCE /* Pods */,
				F204BFE0FAD42E5FF2C6D899 /* Frameworks */,
			);
			sourceTree = "<group>";
		};
		F6E829E629DC8C1D00E01247 /* Products */ = {
			isa = PBXGroup;
			children = (
				F6E829E529DC8C1D00E01247 /* VideoPlayer.app */,
				F632307129F6BF4000CF106A /* TestCode.framework */,
				F632309F29F6C8D800CF106A /* VideoPlayerMV.app */,
				F640754B2A02F9DE00D37958 /* libVideoPlayerKit.a */,
			);
			name = Products;
			sourceTree = "<group>";
		};
		F6E829E729DC8C1D00E01247 /* VideoPlayer */ = {
			isa = PBXGroup;
			children = (
				F604E54029E18B3100153BA7 /* App */,
				F6FED3D129DF4974001926A0 /* Modules */,
				F62AB6E829DD9F4400994EC5 /* Helpers */,
				F654C45329DC933700CD7B76 /* Resources */,
				F6E829EE29DC8C1D00E01247 /* Preview Content */,
			);
			path = VideoPlayer;
			sourceTree = "<group>";
		};
		F6E829EE29DC8C1D00E01247 /* Preview Content */ = {
			isa = PBXGroup;
			children = (
				F6E829EF29DC8C1D00E01247 /* Preview Assets.xcassets */,
			);
			path = "Preview Content";
			sourceTree = "<group>";
		};
		F6FED3D029DF4961001926A0 /* Video */ = {
			isa = PBXGroup;
			children = (
				F6FED3D229DF49BD001926A0 /* VideoView.swift */,
				F672E4B929EA0ECB00F30D90 /* VideoPlayerView.swift */,
				F6FED3D429DF4A37001926A0 /* VideoPlayerViewModel.swift */,
				F604E54E29E1A98C00153BA7 /* Player Controls */,
			);
			path = Video;
			sourceTree = "<group>";
		};
		F6FED3D129DF4974001926A0 /* Modules */ = {
			isa = PBXGroup;
			children = (
				F62AB6EE29DDA9DF00994EC5 /* Main Screen */,
				F6FED3D029DF4961001926A0 /* Video */,
				F672E4BB29EC1C9B00F30D90 /* EditVideo */,
			);
			path = Modules;
			sourceTree = "<group>";
		};
		F6FED3E229E03D24001926A0 /* VideoList */ = {
			isa = PBXGroup;
			children = (
				F654C46829DCA3E500CD7B76 /* VideoList.swift */,
				F6FED3E329E03D35001926A0 /* VideoListViewModel.swift */,
			);
			path = VideoList;
			sourceTree = "<group>";
		};
/* End PBXGroup section */

/* Begin PBXHeadersBuildPhase section */
		F632306C29F6BF4000CF106A /* Headers */ = {
			isa = PBXHeadersBuildPhase;
			buildActionMask = 2147483647;
			files = (
				F632307429F6BF4000CF106A /* TestCode.h in Headers */,
			);
			runOnlyForDeploymentPostprocessing = 0;
		};
/* End PBXHeadersBuildPhase section */

/* Begin PBXNativeTarget section */
		F632307029F6BF4000CF106A /* TestCode */ = {
			isa = PBXNativeTarget;
			buildConfigurationList = F632307929F6BF4000CF106A /* Build configuration list for PBXNativeTarget "TestCode" */;
			buildPhases = (
				F632306C29F6BF4000CF106A /* Headers */,
				F632306D29F6BF4000CF106A /* Sources */,
				F632306E29F6BF4000CF106A /* Frameworks */,
				F632306F29F6BF4000CF106A /* Resources */,
			);
			buildRules = (
			);
			dependencies = (
			);
			name = TestCode;
			productName = TestCode;
			productReference = F632307129F6BF4000CF106A /* TestCode.framework */;
			productType = "com.apple.product-type.framework";
		};
		F632309E29F6C8D800CF106A /* VideoPlayerMV */ = {
			isa = PBXNativeTarget;
			buildConfigurationList = F63230AA29F6C8D900CF106A /* Build configuration list for PBXNativeTarget "VideoPlayerMV" */;
			buildPhases = (
				F632309B29F6C8D800CF106A /* Sources */,
				F632309C29F6C8D800CF106A /* Frameworks */,
				F632309D29F6C8D800CF106A /* Resources */,
				F63230BC29F6CDA800CF106A /* Embed Frameworks */,
			);
			buildRules = (
			);
			dependencies = (
				F64075542A02F9EF00D37958 /* PBXTargetDependency */,
			);
			name = VideoPlayerMV;
			packageProductDependencies = (
				F66C2D1B29FC091100EB085B /* VideoPlayerViews */,
				F66C2D2029FC0BA500EB085B /* VideoPlayerModel */,
			);
			productName = VideoPlayerMV;
			productReference = F632309F29F6C8D800CF106A /* VideoPlayerMV.app */;
			productType = "com.apple.product-type.application";
		};
		F640754A2A02F9DE00D37958 /* VideoPlayerKit */ = {
			isa = PBXNativeTarget;
			buildConfigurationList = F64075512A02F9DE00D37958 /* Build configuration list for PBXNativeTarget "VideoPlayerKit" */;
			buildPhases = (
				F64075472A02F9DE00D37958 /* Sources */,
				F64075482A02F9DE00D37958 /* Frameworks */,
				F64075492A02F9DE00D37958 /* CopyFiles */,
			);
			buildRules = (
			);
			dependencies = (
			);
			name = VideoPlayerKit;
			productName = VideoPlayerKit;
			productReference = F640754B2A02F9DE00D37958 /* libVideoPlayerKit.a */;
			productType = "com.apple.product-type.library.static";
		};
		F6E829E429DC8C1D00E01247 /* VideoPlayer */ = {
			isa = PBXNativeTarget;
			buildConfigurationList = F6E829F329DC8C1D00E01247 /* Build configuration list for PBXNativeTarget "VideoPlayer" */;
			buildPhases = (
				4006907C0E0C2A5ED895B373 /* [CP] Check Pods Manifest.lock */,
				F6E829E129DC8C1D00E01247 /* Sources */,
				F6E829E229DC8C1D00E01247 /* Frameworks */,
				F6E829E329DC8C1D00E01247 /* Resources */,
				F632305029F6B71700CF106A /* Embed Frameworks */,
			);
			buildRules = (
			);
			dependencies = (
				F632307629F6BF4000CF106A /* PBXTargetDependency */,
				F64075572A02F9F500D37958 /* PBXTargetDependency */,
			);
			name = VideoPlayer;
			packageProductDependencies = (
				F66C2D1929FC08DB00EB085B /* VideoPlayerViews */,
				F66C2D2229FC0BB100EB085B /* VideoPlayerModel */,
			);
			productName = VideoPlayer;
			productReference = F6E829E529DC8C1D00E01247 /* VideoPlayer.app */;
			productType = "com.apple.product-type.application";
		};
/* End PBXNativeTarget section */

/* Begin PBXProject section */
		F6E829DD29DC8C1D00E01247 /* Project object */ = {
			isa = PBXProject;
			attributes = {
				BuildIndependentTargetsInParallel = 1;
				LastSwiftUpdateCheck = 1430;
				LastUpgradeCheck = 1430;
				TargetAttributes = {
					F632307029F6BF4000CF106A = {
						CreatedOnToolsVersion = 14.3;
					};
					F632309E29F6C8D800CF106A = {
						CreatedOnToolsVersion = 14.3;
					};
					F640754A2A02F9DE00D37958 = {
						CreatedOnToolsVersion = 14.3;
						LastSwiftMigration = 1430;
					};
					F6E829E429DC8C1D00E01247 = {
						CreatedOnToolsVersion = 14.3;
					};
				};
			};
			buildConfigurationList = F6E829E029DC8C1D00E01247 /* Build configuration list for PBXProject "VideoPlayer" */;
			compatibilityVersion = "Xcode 14.0";
			developmentRegion = en;
			hasScannedForEncodings = 0;
			knownRegions = (
				en,
				Base,
				uk,
			);
			mainGroup = F6E829DC29DC8C1D00E01247;
			packageReferences = (
				F66C2D1829FC08DB00EB085B /* XCRemoteSwiftPackageReference "VideoPlayerViews" */,
				F66C2D1D29FC0B8000EB085B /* XCRemoteSwiftPackageReference "VideoPlayerModel" */,
			);
			productRefGroup = F6E829E629DC8C1D00E01247 /* Products */;
			projectDirPath = "";
			projectRoot = "";
			targets = (
				F6E829E429DC8C1D00E01247 /* VideoPlayer */,
				F632309E29F6C8D800CF106A /* VideoPlayerMV */,
				F632307029F6BF4000CF106A /* TestCode */,
				F640754A2A02F9DE00D37958 /* VideoPlayerKit */,
			);
		};
/* End PBXProject section */

/* Begin PBXResourcesBuildPhase section */
		F632306F29F6BF4000CF106A /* Resources */ = {
			isa = PBXResourcesBuildPhase;
			buildActionMask = 2147483647;
			files = (
			);
			runOnlyForDeploymentPostprocessing = 0;
		};
		F632309D29F6C8D800CF106A /* Resources */ = {
			isa = PBXResourcesBuildPhase;
			buildActionMask = 2147483647;
			files = (
				F63230B029F6C93700CF106A /* Assets.xcassets in Resources */,
			);
			runOnlyForDeploymentPostprocessing = 0;
		};
		F6E829E329DC8C1D00E01247 /* Resources */ = {
			isa = PBXResourcesBuildPhase;
			buildActionMask = 2147483647;
			files = (
				F6E829F029DC8C1D00E01247 /* Preview Assets.xcassets in Resources */,
				F654C45829DC939200CD7B76 /* Localizable.strings in Resources */,
				F6E829ED29DC8C1D00E01247 /* Assets.xcassets in Resources */,
			);
			runOnlyForDeploymentPostprocessing = 0;
		};
/* End PBXResourcesBuildPhase section */

/* Begin PBXShellScriptBuildPhase section */
		4006907C0E0C2A5ED895B373 /* [CP] Check Pods Manifest.lock */ = {
			isa = PBXShellScriptBuildPhase;
			buildActionMask = 2147483647;
			files = (
			);
			inputFileListPaths = (
			);
			inputPaths = (
				"${PODS_PODFILE_DIR_PATH}/Podfile.lock",
				"${PODS_ROOT}/Manifest.lock",
			);
			name = "[CP] Check Pods Manifest.lock";
			outputFileListPaths = (
			);
			outputPaths = (
				"$(DERIVED_FILE_DIR)/Pods-VideoPlayer-checkManifestLockResult.txt",
			);
			runOnlyForDeploymentPostprocessing = 0;
			shellPath = /bin/sh;
			shellScript = "diff \"${PODS_PODFILE_DIR_PATH}/Podfile.lock\" \"${PODS_ROOT}/Manifest.lock\" > /dev/null\nif [ $? != 0 ] ; then\n    # print error to STDERR\n    echo \"error: The sandbox is not in sync with the Podfile.lock. Run 'pod install' or update your CocoaPods installation.\" >&2\n    exit 1\nfi\n# This output is used by Xcode 'outputs' to avoid re-running this script phase.\necho \"SUCCESS\" > \"${SCRIPT_OUTPUT_FILE_0}\"\n";
			showEnvVarsInLog = 0;
		};
/* End PBXShellScriptBuildPhase section */

/* Begin PBXSourcesBuildPhase section */
		F632306D29F6BF4000CF106A /* Sources */ = {
			isa = PBXSourcesBuildPhase;
			buildActionMask = 2147483647;
			files = (
				F632307C29F6BF4F00CF106A /* Test.swift in Sources */,
			);
			runOnlyForDeploymentPostprocessing = 0;
		};
		F632309B29F6C8D800CF106A /* Sources */ = {
			isa = PBXSourcesBuildPhase;
			buildActionMask = 2147483647;
			files = (
				F63230C429F6D6A500CF106A /* MediaImportManager.swift in Sources */,
				F63230CD29F6DDA200CF106A /* EditVideoView.swift in Sources */,
				F63230E029F8945B00CF106A /* VideoControlsView.swift in Sources */,
				F63230C029F6D04100CF106A /* VideoManager.swift in Sources */,
				F68518BE29F9937900F92DB7 /* VideoImportListView.swift in Sources */,
				F63230BE29F6CE2600CF106A /* VideoList.swift in Sources */,
				F63230A429F6C8D800CF106A /* MainView.swift in Sources */,
				F63230A229F6C8D800CF106A /* VideoPlayerMVApp.swift in Sources */,
				F63230D429F7F3FE00CF106A /* VideoView.swift in Sources */,
				F63230D229F7F3ED00CF106A /* VideoPlayerView.swift in Sources */,
				F63230DA29F7FB2800CF106A /* ProgressView.swift in Sources */,
			);
			runOnlyForDeploymentPostprocessing = 0;
		};
		F64075472A02F9DE00D37958 /* Sources */ = {
			isa = PBXSourcesBuildPhase;
			buildActionMask = 2147483647;
			files = (
				F640755C2A02FA8400D37958 /* ViewImageFetcher.swift in Sources */,
				F64075592A02FA4500D37958 /* Publisher+Async.swift in Sources */,
				F640755B2A02FA8400D37958 /* NSObject+AnyCancellable.swift in Sources */,
				F640755A2A02FA8400D37958 /* Combine+Extensions.swift in Sources */,
			);
			runOnlyForDeploymentPostprocessing = 0;
		};
		F6E829E129DC8C1D00E01247 /* Sources */ = {
			isa = PBXSourcesBuildPhase;
			buildActionMask = 2147483647;
			files = (
				F654C46929DCA3E500CD7B76 /* VideoList.swift in Sources */,
				F672E4B229E974F800F30D90 /* AppViewModel.swift in Sources */,
				F6FED3D329DF49BD001926A0 /* VideoView.swift in Sources */,
				F672E4BF29EC1D7400F30D90 /* EditVideoViewModel.swift in Sources */,
				F69528E529E1B643003BCD1A /* PlayerControlsViewModel.swift in Sources */,
				F604E54A29E1A91500153BA7 /* PlayerProgressView.swift in Sources */,
				F604E53F29E18ACE00153BA7 /* AppDelegate.swift in Sources */,
				F69528E829E1B6CD003BCD1A /* PlayerProgressViewModel.swift in Sources */,
				F672E4AE29E971B100F30D90 /* CampaignService.swift in Sources */,
				F672E4B029E974B500F30D90 /* CampaignViewBuilder.swift in Sources */,
				F672E4BA29EA0ECB00F30D90 /* VideoPlayerView.swift in Sources */,
				F6E829EB29DC8C1D00E01247 /* MainView.swift in Sources */,
				F6FED3D529DF4A37001926A0 /* VideoPlayerViewModel.swift in Sources */,
				F6E829E929DC8C1D00E01247 /* VideoPlayerApp.swift in Sources */,
				F6FED3E429E03D35001926A0 /* VideoListViewModel.swift in Sources */,
				F6FED3D929DF5073001926A0 /* VideoPlayerControlsView.swift in Sources */,
				F672E4BD29EC1CB600F30D90 /* EditVideoView.swift in Sources */,
				F654C46F29DCB19800CD7B76 /* MainViewModel.swift in Sources */,
			);
			runOnlyForDeploymentPostprocessing = 0;
		};
/* End PBXSourcesBuildPhase section */

/* Begin PBXTargetDependency section */
		F632307629F6BF4000CF106A /* PBXTargetDependency */ = {
			isa = PBXTargetDependency;
			target = F632307029F6BF4000CF106A /* TestCode */;
			targetProxy = F632307529F6BF4000CF106A /* PBXContainerItemProxy */;
		};
		F64075542A02F9EF00D37958 /* PBXTargetDependency */ = {
			isa = PBXTargetDependency;
			target = F640754A2A02F9DE00D37958 /* VideoPlayerKit */;
			targetProxy = F64075532A02F9EF00D37958 /* PBXContainerItemProxy */;
		};
		F64075572A02F9F500D37958 /* PBXTargetDependency */ = {
			isa = PBXTargetDependency;
			target = F640754A2A02F9DE00D37958 /* VideoPlayerKit */;
			targetProxy = F64075562A02F9F500D37958 /* PBXContainerItemProxy */;
		};
/* End PBXTargetDependency section */

/* Begin PBXVariantGroup section */
		F654C45A29DC939200CD7B76 /* Localizable.strings */ = {
			isa = PBXVariantGroup;
			children = (
				F654C45929DC939200CD7B76 /* en */,
				F654C45E29DC939C00CD7B76 /* uk */,
			);
			name = Localizable.strings;
			sourceTree = "<group>";
		};
/* End PBXVariantGroup section */

/* Begin XCBuildConfiguration section */
		F632307A29F6BF4000CF106A /* Debug */ = {
			isa = XCBuildConfiguration;
			buildSettings = {
				CODE_SIGN_STYLE = Automatic;
				CURRENT_PROJECT_VERSION = 1;
				DEFINES_MODULE = YES;
				DEVELOPMENT_TEAM = 3QS73BWYFX;
				DYLIB_COMPATIBILITY_VERSION = 1;
				DYLIB_CURRENT_VERSION = 1;
				DYLIB_INSTALL_NAME_BASE = "@rpath";
				ENABLE_MODULE_VERIFIER = YES;
				GENERATE_INFOPLIST_FILE = YES;
				INFOPLIST_KEY_NSHumanReadableCopyright = "";
				INSTALL_PATH = "$(LOCAL_LIBRARY_DIR)/Frameworks";
				LD_RUNPATH_SEARCH_PATHS = (
					"$(inherited)",
					"@executable_path/Frameworks",
					"@loader_path/Frameworks",
				);
				MACH_O_TYPE = staticlib;
				MARKETING_VERSION = 1.0;
				MODULE_VERIFIER_SUPPORTED_LANGUAGES = "objective-c objective-c++";
				MODULE_VERIFIER_SUPPORTED_LANGUAGE_STANDARDS = "gnu11 gnu++20";
				PRODUCT_BUNDLE_IDENTIFIER = max.TestCode;
				PRODUCT_NAME = "$(TARGET_NAME:c99extidentifier)";
				SKIP_INSTALL = YES;
				SWIFT_EMIT_LOC_STRINGS = YES;
				SWIFT_VERSION = 5.0;
				TARGETED_DEVICE_FAMILY = "1,2";
				VERSIONING_SYSTEM = "apple-generic";
				VERSION_INFO_PREFIX = "";
			};
			name = Debug;
		};
		F632307B29F6BF4000CF106A /* Release */ = {
			isa = XCBuildConfiguration;
			buildSettings = {
				CODE_SIGN_STYLE = Automatic;
				CURRENT_PROJECT_VERSION = 1;
				DEFINES_MODULE = YES;
				DEVELOPMENT_TEAM = 3QS73BWYFX;
				DYLIB_COMPATIBILITY_VERSION = 1;
				DYLIB_CURRENT_VERSION = 1;
				DYLIB_INSTALL_NAME_BASE = "@rpath";
				ENABLE_MODULE_VERIFIER = YES;
				GENERATE_INFOPLIST_FILE = YES;
				INFOPLIST_KEY_NSHumanReadableCopyright = "";
				INSTALL_PATH = "$(LOCAL_LIBRARY_DIR)/Frameworks";
				LD_RUNPATH_SEARCH_PATHS = (
					"$(inherited)",
					"@executable_path/Frameworks",
					"@loader_path/Frameworks",
				);
				MACH_O_TYPE = staticlib;
				MARKETING_VERSION = 1.0;
				MODULE_VERIFIER_SUPPORTED_LANGUAGES = "objective-c objective-c++";
				MODULE_VERIFIER_SUPPORTED_LANGUAGE_STANDARDS = "gnu11 gnu++20";
				PRODUCT_BUNDLE_IDENTIFIER = max.TestCode;
				PRODUCT_NAME = "$(TARGET_NAME:c99extidentifier)";
				SKIP_INSTALL = YES;
				SWIFT_EMIT_LOC_STRINGS = YES;
				SWIFT_VERSION = 5.0;
				TARGETED_DEVICE_FAMILY = "1,2";
				VERSIONING_SYSTEM = "apple-generic";
				VERSION_INFO_PREFIX = "";
			};
			name = Release;
		};
		F63230AB29F6C8D900CF106A /* Debug */ = {
			isa = XCBuildConfiguration;
			buildSettings = {
				ALWAYS_EMBED_SWIFT_STANDARD_LIBRARIES = YES;
				ASSETCATALOG_COMPILER_APPICON_NAME = AppIcon;
				ASSETCATALOG_COMPILER_GLOBAL_ACCENT_COLOR_NAME = AccentColor;
				CODE_SIGN_STYLE = Automatic;
				CURRENT_PROJECT_VERSION = 1;
				DEVELOPMENT_ASSET_PATHS = "";
				DEVELOPMENT_TEAM = 3QS73BWYFX;
				ENABLE_PREVIEWS = YES;
				GENERATE_INFOPLIST_FILE = YES;
				INFOPLIST_KEY_UIApplicationSceneManifest_Generation = YES;
				INFOPLIST_KEY_UIApplicationSupportsIndirectInputEvents = YES;
				INFOPLIST_KEY_UILaunchScreen_Generation = YES;
				INFOPLIST_KEY_UISupportedInterfaceOrientations_iPad = "UIInterfaceOrientationPortrait UIInterfaceOrientationPortraitUpsideDown UIInterfaceOrientationLandscapeLeft UIInterfaceOrientationLandscapeRight";
				INFOPLIST_KEY_UISupportedInterfaceOrientations_iPhone = "UIInterfaceOrientationPortrait UIInterfaceOrientationLandscapeLeft UIInterfaceOrientationLandscapeRight";
				LD_RUNPATH_SEARCH_PATHS = (
					"$(inherited)",
					"@executable_path/Frameworks",
				);
				MARKETING_VERSION = 1.0;
				PRODUCT_BUNDLE_IDENTIFIER = max.VideoPlayerMV;
				PRODUCT_NAME = "$(TARGET_NAME)";
				SWIFT_EMIT_LOC_STRINGS = YES;
				SWIFT_VERSION = 5.0;
				TARGETED_DEVICE_FAMILY = "1,2";
			};
			name = Debug;
		};
		F63230AC29F6C8D900CF106A /* Release */ = {
			isa = XCBuildConfiguration;
			buildSettings = {
				ALWAYS_EMBED_SWIFT_STANDARD_LIBRARIES = YES;
				ASSETCATALOG_COMPILER_APPICON_NAME = AppIcon;
				ASSETCATALOG_COMPILER_GLOBAL_ACCENT_COLOR_NAME = AccentColor;
				CODE_SIGN_STYLE = Automatic;
				CURRENT_PROJECT_VERSION = 1;
				DEVELOPMENT_ASSET_PATHS = "";
				DEVELOPMENT_TEAM = 3QS73BWYFX;
				ENABLE_PREVIEWS = YES;
				GENERATE_INFOPLIST_FILE = YES;
				INFOPLIST_KEY_UIApplicationSceneManifest_Generation = YES;
				INFOPLIST_KEY_UIApplicationSupportsIndirectInputEvents = YES;
				INFOPLIST_KEY_UILaunchScreen_Generation = YES;
				INFOPLIST_KEY_UISupportedInterfaceOrientations_iPad = "UIInterfaceOrientationPortrait UIInterfaceOrientationPortraitUpsideDown UIInterfaceOrientationLandscapeLeft UIInterfaceOrientationLandscapeRight";
				INFOPLIST_KEY_UISupportedInterfaceOrientations_iPhone = "UIInterfaceOrientationPortrait UIInterfaceOrientationLandscapeLeft UIInterfaceOrientationLandscapeRight";
				LD_RUNPATH_SEARCH_PATHS = (
					"$(inherited)",
					"@executable_path/Frameworks",
				);
				MARKETING_VERSION = 1.0;
				PRODUCT_BUNDLE_IDENTIFIER = max.VideoPlayerMV;
				PRODUCT_NAME = "$(TARGET_NAME)";
				SWIFT_EMIT_LOC_STRINGS = YES;
				SWIFT_VERSION = 5.0;
				TARGETED_DEVICE_FAMILY = "1,2";
			};
			name = Release;
		};
		F640754F2A02F9DE00D37958 /* Debug */ = {
			isa = XCBuildConfiguration;
			buildSettings = {
				CLANG_ENABLE_MODULES = YES;
				CODE_SIGN_STYLE = Automatic;
				DEVELOPMENT_TEAM = 3QS73BWYFX;
				OTHER_LDFLAGS = "-ObjC";
				PRODUCT_NAME = "$(TARGET_NAME)";
				SKIP_INSTALL = YES;
				SWIFT_OPTIMIZATION_LEVEL = "-Onone";
				SWIFT_VERSION = 5.0;
				TARGETED_DEVICE_FAMILY = "1,2";
			};
			name = Debug;
		};
		F64075502A02F9DE00D37958 /* Release */ = {
			isa = XCBuildConfiguration;
			buildSettings = {
				CLANG_ENABLE_MODULES = YES;
				CODE_SIGN_STYLE = Automatic;
				DEVELOPMENT_TEAM = 3QS73BWYFX;
				OTHER_LDFLAGS = "-ObjC";
				PRODUCT_NAME = "$(TARGET_NAME)";
				SKIP_INSTALL = YES;
				SWIFT_VERSION = 5.0;
				TARGETED_DEVICE_FAMILY = "1,2";
			};
			name = Release;
		};
		F6E829F129DC8C1D00E01247 /* Debug */ = {
			isa = XCBuildConfiguration;
			buildSettings = {
				ALWAYS_SEARCH_USER_PATHS = NO;
				CLANG_ANALYZER_NONNULL = YES;
				CLANG_ANALYZER_NUMBER_OBJECT_CONVERSION = YES_AGGRESSIVE;
				CLANG_CXX_LANGUAGE_STANDARD = "gnu++20";
				CLANG_ENABLE_MODULES = YES;
				CLANG_ENABLE_OBJC_ARC = YES;
				CLANG_ENABLE_OBJC_WEAK = YES;
				CLANG_WARN_BLOCK_CAPTURE_AUTORELEASING = YES;
				CLANG_WARN_BOOL_CONVERSION = YES;
				CLANG_WARN_COMMA = YES;
				CLANG_WARN_CONSTANT_CONVERSION = YES;
				CLANG_WARN_DEPRECATED_OBJC_IMPLEMENTATIONS = YES;
				CLANG_WARN_DIRECT_OBJC_ISA_USAGE = YES_ERROR;
				CLANG_WARN_DOCUMENTATION_COMMENTS = YES;
				CLANG_WARN_EMPTY_BODY = YES;
				CLANG_WARN_ENUM_CONVERSION = YES;
				CLANG_WARN_INFINITE_RECURSION = YES;
				CLANG_WARN_INT_CONVERSION = YES;
				CLANG_WARN_NON_LITERAL_NULL_CONVERSION = YES;
				CLANG_WARN_OBJC_IMPLICIT_RETAIN_SELF = YES;
				CLANG_WARN_OBJC_LITERAL_CONVERSION = YES;
				CLANG_WARN_OBJC_ROOT_CLASS = YES_ERROR;
				CLANG_WARN_QUOTED_INCLUDE_IN_FRAMEWORK_HEADER = YES;
				CLANG_WARN_RANGE_LOOP_ANALYSIS = YES;
				CLANG_WARN_STRICT_PROTOTYPES = YES;
				CLANG_WARN_SUSPICIOUS_MOVE = YES;
				CLANG_WARN_UNGUARDED_AVAILABILITY = YES_AGGRESSIVE;
				CLANG_WARN_UNREACHABLE_CODE = YES;
				CLANG_WARN__DUPLICATE_METHOD_MATCH = YES;
				COPY_PHASE_STRIP = NO;
				DEBUG_INFORMATION_FORMAT = dwarf;
				ENABLE_STRICT_OBJC_MSGSEND = YES;
				ENABLE_TESTABILITY = YES;
				GCC_C_LANGUAGE_STANDARD = gnu11;
				GCC_DYNAMIC_NO_PIC = NO;
				GCC_NO_COMMON_BLOCKS = YES;
				GCC_OPTIMIZATION_LEVEL = 0;
				GCC_PREPROCESSOR_DEFINITIONS = (
					"DEBUG=1",
					"$(inherited)",
				);
				GCC_WARN_64_TO_32_BIT_CONVERSION = YES;
				GCC_WARN_ABOUT_RETURN_TYPE = YES_ERROR;
				GCC_WARN_UNDECLARED_SELECTOR = YES;
				GCC_WARN_UNINITIALIZED_AUTOS = YES_AGGRESSIVE;
				GCC_WARN_UNUSED_FUNCTION = YES;
				GCC_WARN_UNUSED_VARIABLE = YES;
				IPHONEOS_DEPLOYMENT_TARGET = 16.4;
				MTL_ENABLE_DEBUG_INFO = INCLUDE_SOURCE;
				MTL_FAST_MATH = YES;
				ONLY_ACTIVE_ARCH = YES;
				SDKROOT = iphoneos;
				SWIFT_ACTIVE_COMPILATION_CONDITIONS = DEBUG;
				SWIFT_OPTIMIZATION_LEVEL = "-Onone";
			};
			name = Debug;
		};
		F6E829F229DC8C1D00E01247 /* Release */ = {
			isa = XCBuildConfiguration;
			buildSettings = {
				ALWAYS_SEARCH_USER_PATHS = NO;
				CLANG_ANALYZER_NONNULL = YES;
				CLANG_ANALYZER_NUMBER_OBJECT_CONVERSION = YES_AGGRESSIVE;
				CLANG_CXX_LANGUAGE_STANDARD = "gnu++20";
				CLANG_ENABLE_MODULES = YES;
				CLANG_ENABLE_OBJC_ARC = YES;
				CLANG_ENABLE_OBJC_WEAK = YES;
				CLANG_WARN_BLOCK_CAPTURE_AUTORELEASING = YES;
				CLANG_WARN_BOOL_CONVERSION = YES;
				CLANG_WARN_COMMA = YES;
				CLANG_WARN_CONSTANT_CONVERSION = YES;
				CLANG_WARN_DEPRECATED_OBJC_IMPLEMENTATIONS = YES;
				CLANG_WARN_DIRECT_OBJC_ISA_USAGE = YES_ERROR;
				CLANG_WARN_DOCUMENTATION_COMMENTS = YES;
				CLANG_WARN_EMPTY_BODY = YES;
				CLANG_WARN_ENUM_CONVERSION = YES;
				CLANG_WARN_INFINITE_RECURSION = YES;
				CLANG_WARN_INT_CONVERSION = YES;
				CLANG_WARN_NON_LITERAL_NULL_CONVERSION = YES;
				CLANG_WARN_OBJC_IMPLICIT_RETAIN_SELF = YES;
				CLANG_WARN_OBJC_LITERAL_CONVERSION = YES;
				CLANG_WARN_OBJC_ROOT_CLASS = YES_ERROR;
				CLANG_WARN_QUOTED_INCLUDE_IN_FRAMEWORK_HEADER = YES;
				CLANG_WARN_RANGE_LOOP_ANALYSIS = YES;
				CLANG_WARN_STRICT_PROTOTYPES = YES;
				CLANG_WARN_SUSPICIOUS_MOVE = YES;
				CLANG_WARN_UNGUARDED_AVAILABILITY = YES_AGGRESSIVE;
				CLANG_WARN_UNREACHABLE_CODE = YES;
				CLANG_WARN__DUPLICATE_METHOD_MATCH = YES;
				COPY_PHASE_STRIP = NO;
				DEBUG_INFORMATION_FORMAT = "dwarf-with-dsym";
				ENABLE_NS_ASSERTIONS = NO;
				ENABLE_STRICT_OBJC_MSGSEND = YES;
				GCC_C_LANGUAGE_STANDARD = gnu11;
				GCC_NO_COMMON_BLOCKS = YES;
				GCC_WARN_64_TO_32_BIT_CONVERSION = YES;
				GCC_WARN_ABOUT_RETURN_TYPE = YES_ERROR;
				GCC_WARN_UNDECLARED_SELECTOR = YES;
				GCC_WARN_UNINITIALIZED_AUTOS = YES_AGGRESSIVE;
				GCC_WARN_UNUSED_FUNCTION = YES;
				GCC_WARN_UNUSED_VARIABLE = YES;
				IPHONEOS_DEPLOYMENT_TARGET = 16.4;
				MTL_ENABLE_DEBUG_INFO = NO;
				MTL_FAST_MATH = YES;
				SDKROOT = iphoneos;
				SWIFT_COMPILATION_MODE = wholemodule;
				SWIFT_OPTIMIZATION_LEVEL = "-O";
				VALIDATE_PRODUCT = YES;
			};
			name = Release;
		};
		F6E829F429DC8C1D00E01247 /* Debug */ = {
			isa = XCBuildConfiguration;
			baseConfigurationReference = 416ED8B2DA74F1AF171C64C0 /* Pods-VideoPlayer.debug.xcconfig */;
			buildSettings = {
				ALWAYS_EMBED_SWIFT_STANDARD_LIBRARIES = YES;
				ASSETCATALOG_COMPILER_APPICON_NAME = AppIcon;
				ASSETCATALOG_COMPILER_GLOBAL_ACCENT_COLOR_NAME = AccentColor;
				CODE_SIGN_STYLE = Automatic;
				CURRENT_PROJECT_VERSION = 1;
				DEVELOPMENT_ASSET_PATHS = "\"VideoPlayer/Preview Content\"";
				DEVELOPMENT_TEAM = 3QS73BWYFX;
				ENABLE_PREVIEWS = YES;
				GENERATE_INFOPLIST_FILE = YES;
				INFOPLIST_KEY_CFBundleDisplayName = "Max Video";
				INFOPLIST_KEY_LSApplicationCategoryType = "public.app-category.video";
				INFOPLIST_KEY_UIApplicationSceneManifest_Generation = YES;
				INFOPLIST_KEY_UIApplicationSupportsIndirectInputEvents = YES;
				INFOPLIST_KEY_UILaunchScreen_Generation = YES;
				INFOPLIST_KEY_UIStatusBarStyle = "";
				INFOPLIST_KEY_UISupportedInterfaceOrientations_iPad = "UIInterfaceOrientationPortrait UIInterfaceOrientationPortraitUpsideDown UIInterfaceOrientationLandscapeLeft UIInterfaceOrientationLandscapeRight";
				INFOPLIST_KEY_UISupportedInterfaceOrientations_iPhone = "UIInterfaceOrientationPortrait UIInterfaceOrientationLandscapeLeft UIInterfaceOrientationLandscapeRight";
				LD_RUNPATH_SEARCH_PATHS = (
					"$(inherited)",
					"@executable_path/Frameworks",
				);
				MARKETING_VERSION = 1.0;
				PRODUCT_BUNDLE_IDENTIFIER = max.VideoPlayer;
				PRODUCT_NAME = "$(TARGET_NAME)";
				SWIFT_EMIT_LOC_STRINGS = YES;
				SWIFT_VERSION = 5.0;
				TARGETED_DEVICE_FAMILY = "1,2";
			};
			name = Debug;
		};
		F6E829F529DC8C1D00E01247 /* Release */ = {
			isa = XCBuildConfiguration;
			baseConfigurationReference = 2E1C406C5332924C1599EEB0 /* Pods-VideoPlayer.release.xcconfig */;
			buildSettings = {
				ALWAYS_EMBED_SWIFT_STANDARD_LIBRARIES = YES;
				ASSETCATALOG_COMPILER_APPICON_NAME = AppIcon;
				ASSETCATALOG_COMPILER_GLOBAL_ACCENT_COLOR_NAME = AccentColor;
				CODE_SIGN_STYLE = Automatic;
				CURRENT_PROJECT_VERSION = 1;
				DEVELOPMENT_ASSET_PATHS = "\"VideoPlayer/Preview Content\"";
				DEVELOPMENT_TEAM = 3QS73BWYFX;
				ENABLE_PREVIEWS = YES;
				GENERATE_INFOPLIST_FILE = YES;
				INFOPLIST_KEY_CFBundleDisplayName = "Max Video";
				INFOPLIST_KEY_LSApplicationCategoryType = "public.app-category.video";
				INFOPLIST_KEY_UIApplicationSceneManifest_Generation = YES;
				INFOPLIST_KEY_UIApplicationSupportsIndirectInputEvents = YES;
				INFOPLIST_KEY_UILaunchScreen_Generation = YES;
				INFOPLIST_KEY_UIStatusBarStyle = "";
				INFOPLIST_KEY_UISupportedInterfaceOrientations_iPad = "UIInterfaceOrientationPortrait UIInterfaceOrientationPortraitUpsideDown UIInterfaceOrientationLandscapeLeft UIInterfaceOrientationLandscapeRight";
				INFOPLIST_KEY_UISupportedInterfaceOrientations_iPhone = "UIInterfaceOrientationPortrait UIInterfaceOrientationLandscapeLeft UIInterfaceOrientationLandscapeRight";
				LD_RUNPATH_SEARCH_PATHS = (
					"$(inherited)",
					"@executable_path/Frameworks",
				);
				MARKETING_VERSION = 1.0;
				PRODUCT_BUNDLE_IDENTIFIER = max.VideoPlayer;
				PRODUCT_NAME = "$(TARGET_NAME)";
				SWIFT_EMIT_LOC_STRINGS = YES;
				SWIFT_VERSION = 5.0;
				TARGETED_DEVICE_FAMILY = "1,2";
			};
			name = Release;
		};
/* End XCBuildConfiguration section */

/* Begin XCConfigurationList section */
		F632307929F6BF4000CF106A /* Build configuration list for PBXNativeTarget "TestCode" */ = {
			isa = XCConfigurationList;
			buildConfigurations = (
				F632307A29F6BF4000CF106A /* Debug */,
				F632307B29F6BF4000CF106A /* Release */,
			);
			defaultConfigurationIsVisible = 0;
			defaultConfigurationName = Release;
		};
		F63230AA29F6C8D900CF106A /* Build configuration list for PBXNativeTarget "VideoPlayerMV" */ = {
			isa = XCConfigurationList;
			buildConfigurations = (
				F63230AB29F6C8D900CF106A /* Debug */,
				F63230AC29F6C8D900CF106A /* Release */,
			);
			defaultConfigurationIsVisible = 0;
			defaultConfigurationName = Release;
		};
		F64075512A02F9DE00D37958 /* Build configuration list for PBXNativeTarget "VideoPlayerKit" */ = {
			isa = XCConfigurationList;
			buildConfigurations = (
				F640754F2A02F9DE00D37958 /* Debug */,
				F64075502A02F9DE00D37958 /* Release */,
			);
			defaultConfigurationIsVisible = 0;
			defaultConfigurationName = Release;
		};
		F6E829E029DC8C1D00E01247 /* Build configuration list for PBXProject "VideoPlayer" */ = {
			isa = XCConfigurationList;
			buildConfigurations = (
				F6E829F129DC8C1D00E01247 /* Debug */,
				F6E829F229DC8C1D00E01247 /* Release */,
			);
			defaultConfigurationIsVisible = 0;
			defaultConfigurationName = Release;
		};
		F6E829F329DC8C1D00E01247 /* Build configuration list for PBXNativeTarget "VideoPlayer" */ = {
			isa = XCConfigurationList;
			buildConfigurations = (
				F6E829F429DC8C1D00E01247 /* Debug */,
				F6E829F529DC8C1D00E01247 /* Release */,
			);
			defaultConfigurationIsVisible = 0;
			defaultConfigurationName = Release;
		};
/* End XCConfigurationList section */

/* Begin XCRemoteSwiftPackageReference section */
		F66C2D1829FC08DB00EB085B /* XCRemoteSwiftPackageReference "VideoPlayerViews" */ = {
			isa = XCRemoteSwiftPackageReference;
			repositoryURL = "https://github.com/Shwepster/VideoPlayerViews.git";
			requirement = {
				kind = upToNextMajorVersion;
				minimumVersion = 1.0.0;
			};
		};
		F66C2D1D29FC0B8000EB085B /* XCRemoteSwiftPackageReference "VideoPlayerModel" */ = {
			isa = XCRemoteSwiftPackageReference;
			repositoryURL = "https://github.com/Shwepster/VideoPlayerModel.git";
			requirement = {
				kind = upToNextMajorVersion;
				minimumVersion = 1.0.0;
			};
		};
/* End XCRemoteSwiftPackageReference section */

/* Begin XCSwiftPackageProductDependency section */
		F66C2D1929FC08DB00EB085B /* VideoPlayerViews */ = {
			isa = XCSwiftPackageProductDependency;
			package = F66C2D1829FC08DB00EB085B /* XCRemoteSwiftPackageReference "VideoPlayerViews" */;
			productName = VideoPlayerViews;
		};
		F66C2D1B29FC091100EB085B /* VideoPlayerViews */ = {
			isa = XCSwiftPackageProductDependency;
			package = F66C2D1829FC08DB00EB085B /* XCRemoteSwiftPackageReference "VideoPlayerViews" */;
			productName = VideoPlayerViews;
		};
		F66C2D2029FC0BA500EB085B /* VideoPlayerModel */ = {
			isa = XCSwiftPackageProductDependency;
			package = F66C2D1D29FC0B8000EB085B /* XCRemoteSwiftPackageReference "VideoPlayerModel" */;
			productName = VideoPlayerModel;
		};
		F66C2D2229FC0BB100EB085B /* VideoPlayerModel */ = {
			isa = XCSwiftPackageProductDependency;
			package = F66C2D1D29FC0B8000EB085B /* XCRemoteSwiftPackageReference "VideoPlayerModel" */;
			productName = VideoPlayerModel;
		};
/* End XCSwiftPackageProductDependency section */
	};
	rootObject = F6E829DD29DC8C1D00E01247 /* Project object */;
}
