{
  "pins" : [
    {
      "identity" : "videoplayerviews",
      "kind" : "remoteSourceControl",
      "location" : "https://github.com/Shwepster/VideoPlayerViews.git",
      "state" : {
        "revision" : "17a0ffe3359eac1e08472d6ed34d3afd02852545",
        "version" : "1.0.2"
      }
    }
  ],
  "version" : 2
}
