{
  "pins" : [
    {
      "identity" : "videoplayermodel",
      "kind" : "remoteSourceControl",
      "location" : "https://github.com/Shwepster/VideoPlayerModel.git",
      "state" : {
        "revision" : "04d111939f65a71c4c001f3d2fd0c52787f15b01",
        "version" : "1.1.1"
      }
    },
    {
      "identity" : "videoplayerviews",
      "kind" : "remoteSourceControl",
      "location" : "https://github.com/Shwepster/VideoPlayerViews.git",
      "state" : {
        "revision" : "d31c7a1c1f625fd227d4a8088fb3e4fe6536ec8b",
        "version" : "1.0.5"
      }
    }
  ],
  "version" : 2
}
